// !$*UTF8*$!
{
	archiveVersion = 1;
	classes = {
	};
	objectVersion = 46;
	objects = {

/* Begin PBXBuildFile section */
		B014F4AF1B1D965200B4D920 /* playBackViewController.m in Sources */ = {isa = PBXBuildFile; fileRef = B014F4AE1B1D965200B4D920 /* playBackViewController.m */; };
		B01737241B24AFFE00AC18D3 /* home.jpg in Resources */ = {isa = PBXBuildFile; fileRef = B01737231B24AFFE00AC18D3 /* home.jpg */; };
		B01737261B24B01400AC18D3 /* serch.jpg in Resources */ = {isa = PBXBuildFile; fileRef = B01737251B24B01400AC18D3 /* serch.jpg */; };
		B01737281B24B3A600AC18D3 /* newGood.jpg in Resources */ = {isa = PBXBuildFile; fileRef = B01737271B24B3A600AC18D3 /* newGood.jpg */; };
		B019469B1B23F6B000563F97 /* Main.storyboard in Resources */ = {isa = PBXBuildFile; fileRef = B019469A1B23F6B000563F97 /* Main.storyboard */; };
		B02377271B203E1A00FAEE7B /* sampleImageViewController.m in Sources */ = {isa = PBXBuildFile; fileRef = B02377261B203E1A00FAEE7B /* sampleImageViewController.m */; };
		B0246B161B1EA84900C7A09A /* searchGenreViewController.m in Sources */ = {isa = PBXBuildFile; fileRef = B0246B151B1EA84900C7A09A /* searchGenreViewController.m */; };
		B0246B681B1F358F00C7A09A /* alternativeImg.jpg in Resources */ = {isa = PBXBuildFile; fileRef = B0246B581B1F358F00C7A09A /* alternativeImg.jpg */; };
		B0246B691B1F358F00C7A09A /* animeImg.jpg in Resources */ = {isa = PBXBuildFile; fileRef = B0246B591B1F358F00C7A09A /* animeImg.jpg */; };
		B0246B6A1B1F358F00C7A09A /* classicImg.jpg in Resources */ = {isa = PBXBuildFile; fileRef = B0246B5A1B1F358F00C7A09A /* classicImg.jpg */; };
		B0246B6B1B1F358F00C7A09A /* danceImg.jpg in Resources */ = {isa = PBXBuildFile; fileRef = B0246B5B1B1F358F00C7A09A /* danceImg.jpg */; };
		B0246B6C1B1F358F00C7A09A /* edmImg.jpg in Resources */ = {isa = PBXBuildFile; fileRef = B0246B5C1B1F358F00C7A09A /* edmImg.jpg */; };
		B0246B6D1B1F358F00C7A09A /* fitnessImg.jpg in Resources */ = {isa = PBXBuildFile; fileRef = B0246B5D1B1F358F00C7A09A /* fitnessImg.jpg */; };
		B0246B6E1B1F358F00C7A09A /* hipHopImg.jpg in Resources */ = {isa = PBXBuildFile; fileRef = B0246B5E1B1F358F00C7A09A /* hipHopImg.jpg */; };
		B0246B6F1B1F358F00C7A09A /* hitSongImg.jpg in Resources */ = {isa = PBXBuildFile; fileRef = B0246B5F1B1F358F00C7A09A /* hitSongImg.jpg */; };
		B0246B701B1F358F00C7A09A /* jazzImg.jpg in Resources */ = {isa = PBXBuildFile; fileRef = B0246B601B1F358F00C7A09A /* jazzImg.jpg */; };
		B0246B711B1F358F00C7A09A /* jPopImg.jpg in Resources */ = {isa = PBXBuildFile; fileRef = B0246B611B1F358F00C7A09A /* jPopImg.jpg */; };
		B0246B721B1F358F00C7A09A /* NewArtistImg.jpg in Resources */ = {isa = PBXBuildFile; fileRef = B0246B621B1F358F00C7A09A /* NewArtistImg.jpg */; };
		B0246B731B1F358F00C7A09A /* popImg.jpg in Resources */ = {isa = PBXBuildFile; fileRef = B0246B631B1F358F00C7A09A /* popImg.jpg */; };
		B0246B741B1F358F00C7A09A /* rbImg.jpg in Resources */ = {isa = PBXBuildFile; fileRef = B0246B641B1F358F00C7A09A /* rbImg.jpg */; };
		B0246B751B1F358F00C7A09A /* reggaeImg.jpg in Resources */ = {isa = PBXBuildFile; fileRef = B0246B651B1F358F00C7A09A /* reggaeImg.jpg */; };
		B0246B761B1F358F00C7A09A /* rockImg.jpg in Resources */ = {isa = PBXBuildFile; fileRef = B0246B661B1F358F00C7A09A /* rockImg.jpg */; };
		B0246B771B1F358F00C7A09A /* soundTrackImg.jpg in Resources */ = {isa = PBXBuildFile; fileRef = B0246B671B1F358F00C7A09A /* soundTrackImg.jpg */; };
		B02846611B3AA5E400DF2FA0 /* newSinger4.jpg in Resources */ = {isa = PBXBuildFile; fileRef = B02846601B3AA5E400DF2FA0 /* newSinger4.jpg */; };
		B02846631B3AB3C300DF2FA0 /* スクリーンショット 2015-06-24 2.44.21.png in Resources */ = {isa = PBXBuildFile; fileRef = B02846621B3AB3C300DF2FA0 /* スクリーンショット 2015-06-24 2.44.21.png */; };
		B041C7EB1B01EEE500DAF891 /* searchViewController.m in Sources */ = {isa = PBXBuildFile; fileRef = B041C7EA1B01EEE500DAF891 /* searchViewController.m */; };
		B0428C8F1B275E75000DC9F1 /* newSound.jpg in Resources */ = {isa = PBXBuildFile; fileRef = B0428C8E1B275E75000DC9F1 /* newSound.jpg */; };
		B0592FF51BBF51A100459CB1 /* btn_genre.png in Resources */ = {isa = PBXBuildFile; fileRef = B0592FEC1BBF51A100459CB1 /* btn_genre.png */; settings = {ASSET_TAGS = (); }; };
		B0592FF61BBF51A100459CB1 /* btn_home.png in Resources */ = {isa = PBXBuildFile; fileRef = B0592FED1BBF51A100459CB1 /* btn_home.png */; settings = {ASSET_TAGS = (); }; };
		B0592FF71BBF51A100459CB1 /* btn_profile.png in Resources */ = {isa = PBXBuildFile; fileRef = B0592FEE1BBF51A100459CB1 /* btn_profile.png */; settings = {ASSET_TAGS = (); }; };
		B0592FF81BBF51A100459CB1 /* btn_search.png in Resources */ = {isa = PBXBuildFile; fileRef = B0592FEF1BBF51A100459CB1 /* btn_search.png */; settings = {ASSET_TAGS = (); }; };
		B0592FF91BBF51A100459CB1 /* btn_speaker.png in Resources */ = {isa = PBXBuildFile; fileRef = B0592FF01BBF51A100459CB1 /* btn_speaker.png */; settings = {ASSET_TAGS = (); }; };
		B0592FFA1BBF51A100459CB1 /* btn_star.png in Resources */ = {isa = PBXBuildFile; fileRef = B0592FF11BBF51A100459CB1 /* btn_star.png */; settings = {ASSET_TAGS = (); }; };
		B0592FFB1BBF51A100459CB1 /* icon01.png in Resources */ = {isa = PBXBuildFile; fileRef = B0592FF21BBF51A100459CB1 /* icon01.png */; settings = {ASSET_TAGS = (); }; };
		B0592FFC1BBF51A100459CB1 /* icon02.png in Resources */ = {isa = PBXBuildFile; fileRef = B0592FF31BBF51A100459CB1 /* icon02.png */; settings = {ASSET_TAGS = (); }; };
		B0592FFD1BBF51A100459CB1 /* icon03.png in Resources */ = {isa = PBXBuildFile; fileRef = B0592FF41BBF51A100459CB1 /* icon03.png */; settings = {ASSET_TAGS = (); }; };
		B05930031BBF51C600459CB1 /* btn_grey.png in Resources */ = {isa = PBXBuildFile; fileRef = B0592FFF1BBF51C600459CB1 /* btn_grey.png */; settings = {ASSET_TAGS = (); }; };
		B05930041BBF51C600459CB1 /* btn_white.png in Resources */ = {isa = PBXBuildFile; fileRef = B05930001BBF51C600459CB1 /* btn_white.png */; settings = {ASSET_TAGS = (); }; };
		B05930051BBF51C600459CB1 /* logo.png in Resources */ = {isa = PBXBuildFile; fileRef = B05930011BBF51C600459CB1 /* logo.png */; settings = {ASSET_TAGS = (); }; };
		B05930061BBF51C600459CB1 /* scanning-line.png in Resources */ = {isa = PBXBuildFile; fileRef = B05930021BBF51C600459CB1 /* scanning-line.png */; settings = {ASSET_TAGS = (); }; };
		B05930081BBF51E700459CB1 /* background.png in Resources */ = {isa = PBXBuildFile; fileRef = B05930071BBF51E700459CB1 /* background.png */; settings = {ASSET_TAGS = (); }; };
		B07CCC0B1B0D72480052101A /* mainTableView.xib in Resources */ = {isa = PBXBuildFile; fileRef = B07CCC0A1B0D72480052101A /* mainTableView.xib */; };
		B07CCC191B0DBFC40052101A /* newMainTableViewCell.m in Sources */ = {isa = PBXBuildFile; fileRef = B07CCC181B0DBFC40052101A /* newMainTableViewCell.m */; };
		B07CCC231B0F21F30052101A /* comentButtoun.png in Resources */ = {isa = PBXBuildFile; fileRef = B07CCC1D1B0F21F30052101A /* comentButtoun.png */; };
		B07CCC251B0F21F30052101A /* PlaybackButton.jpg in Resources */ = {isa = PBXBuildFile; fileRef = B07CCC1F1B0F21F30052101A /* PlaybackButton.jpg */; };
		B0956D441B1BF40200C08E88 /* soundViewController.m in Sources */ = {isa = PBXBuildFile; fileRef = B0956D431B1BF40200C08E88 /* soundViewController.m */; };
		B0956D4C1B1C2FC000C08E88 /* searchArtistViewController.m in Sources */ = {isa = PBXBuildFile; fileRef = B0956D4B1B1C2FC000C08E88 /* searchArtistViewController.m */; };
		B099E03F1B2194C700524954 /* alertCanselViewController.m in Sources */ = {isa = PBXBuildFile; fileRef = B099E03E1B2194C700524954 /* alertCanselViewController.m */; };
		B099E0AC1B228C1300524954 /* ic_launcher.png in Resources */ = {isa = PBXBuildFile; fileRef = B099E06E1B228C1200524954 /* ic_launcher.png */; };
		B099E0AD1B228C1300524954 /* ic_launcher.png in Resources */ = {isa = PBXBuildFile; fileRef = B099E0701B228C1200524954 /* ic_launcher.png */; };
		B099E0AE1B228C1300524954 /* ic_launcher.png in Resources */ = {isa = PBXBuildFile; fileRef = B099E0721B228C1300524954 /* ic_launcher.png */; };
		B099E0AF1B228C1300524954 /* ic_launcher.png in Resources */ = {isa = PBXBuildFile; fileRef = B099E0741B228C1300524954 /* ic_launcher.png */; };
		B099E0B01B228C1300524954 /* ic_launcher.png in Resources */ = {isa = PBXBuildFile; fileRef = B099E0761B228C1300524954 /* ic_launcher.png */; };
		B099E0B11B228C1300524954 /* ic_launcher.png in Resources */ = {isa = PBXBuildFile; fileRef = B099E0781B228C1300524954 /* ic_launcher.png */; };
		B099E0B21B228C1300524954 /* playstore-icon.png in Resources */ = {isa = PBXBuildFile; fileRef = B099E0791B228C1300524954 /* playstore-icon.png */; };
		B099E0B31B228C1300524954 /* Contents.json in Resources */ = {isa = PBXBuildFile; fileRef = B099E07C1B228C1300524954 /* Contents.json */; };
		B099E0B41B228C1300524954 /* Icon-40.png in Resources */ = {isa = PBXBuildFile; fileRef = B099E07D1B228C1300524954 /* Icon-40.png */; };
		B099E0B51B228C1300524954 /* Icon-40@2x.png in Resources */ = {isa = PBXBuildFile; fileRef = B099E07E1B228C1300524954 /* Icon-40@2x.png */; };
		B099E0B61B228C1300524954 /* Icon-40@3x.png in Resources */ = {isa = PBXBuildFile; fileRef = B099E07F1B228C1300524954 /* Icon-40@3x.png */; };
		B099E0B71B228C1300524954 /* Icon-60@2x.png in Resources */ = {isa = PBXBuildFile; fileRef = B099E0801B228C1300524954 /* Icon-60@2x.png */; };
		B099E0B81B228C1300524954 /* Icon-60@3x.png in Resources */ = {isa = PBXBuildFile; fileRef = B099E0811B228C1300524954 /* Icon-60@3x.png */; };
		B099E0B91B228C1300524954 /* Icon-76.png in Resources */ = {isa = PBXBuildFile; fileRef = B099E0821B228C1300524954 /* Icon-76.png */; };
		B099E0BA1B228C1300524954 /* Icon-76@2x.png in Resources */ = {isa = PBXBuildFile; fileRef = B099E0831B228C1300524954 /* Icon-76@2x.png */; };
		B099E0BB1B228C1300524954 /* Icon-Small.png in Resources */ = {isa = PBXBuildFile; fileRef = B099E0841B228C1300524954 /* Icon-Small.png */; };
		B099E0BC1B228C1300524954 /* Icon-Small@2x.png in Resources */ = {isa = PBXBuildFile; fileRef = B099E0851B228C1300524954 /* Icon-Small@2x.png */; };
		B099E0BD1B228C1300524954 /* Icon-Small@3x.png in Resources */ = {isa = PBXBuildFile; fileRef = B099E0861B228C1300524954 /* Icon-Small@3x.png */; };
		B099E0BE1B228C1300524954 /* Icon-60.png in Resources */ = {isa = PBXBuildFile; fileRef = B099E0871B228C1300524954 /* Icon-60.png */; };
		B099E0BF1B228C1300524954 /* Icon-72.png in Resources */ = {isa = PBXBuildFile; fileRef = B099E0881B228C1300524954 /* Icon-72.png */; };
		B099E0C01B228C1300524954 /* Icon-72@2x.png in Resources */ = {isa = PBXBuildFile; fileRef = B099E0891B228C1300524954 /* Icon-72@2x.png */; };
		B099E0C11B228C1300524954 /* Icon-Small-50.png in Resources */ = {isa = PBXBuildFile; fileRef = B099E08A1B228C1300524954 /* Icon-Small-50.png */; };
		B099E0C21B228C1300524954 /* Icon-Small-50@2x.png in Resources */ = {isa = PBXBuildFile; fileRef = B099E08B1B228C1300524954 /* Icon-Small-50@2x.png */; };
		B099E0C31B228C1300524954 /* Icon.png in Resources */ = {isa = PBXBuildFile; fileRef = B099E08C1B228C1300524954 /* Icon.png */; };
		B099E0C41B228C1300524954 /* Icon@2x.png in Resources */ = {isa = PBXBuildFile; fileRef = B099E08D1B228C1300524954 /* Icon@2x.png */; };
		B099E0C51B228C1300524954 /* iTunesArtwork.png in Resources */ = {isa = PBXBuildFile; fileRef = B099E08E1B228C1300524954 /* iTunesArtwork.png */; };
		B099E0C61B228C1300524954 /* iTunesArtwork@2x.png in Resources */ = {isa = PBXBuildFile; fileRef = B099E08F1B228C1300524954 /* iTunesArtwork@2x.png */; };
		B099E0C71B228C1300524954 /* README.md in Sources */ = {isa = PBXBuildFile; fileRef = B099E0901B228C1300524954 /* README.md */; };
		B099E0C81B228C1300524954 /* Contents.json in Resources */ = {isa = PBXBuildFile; fileRef = B099E0931B228C1300524954 /* Contents.json */; };
		B099E0C91B228C1300524954 /* Icon-24@2x.png in Resources */ = {isa = PBXBuildFile; fileRef = B099E0941B228C1300524954 /* Icon-24@2x.png */; };
		B099E0CA1B228C1300524954 /* Icon-27.5@2x.png in Resources */ = {isa = PBXBuildFile; fileRef = B099E0951B228C1300524954 /* Icon-27.5@2x.png */; };
		B099E0CB1B228C1300524954 /* Icon-29@2x.png in Resources */ = {isa = PBXBuildFile; fileRef = B099E0961B228C1300524954 /* Icon-29@2x.png */; };
		B099E0CC1B228C1300524954 /* Icon-29@3x.png in Resources */ = {isa = PBXBuildFile; fileRef = B099E0971B228C1300524954 /* Icon-29@3x.png */; };
		B099E0CD1B228C1300524954 /* Icon-40@2x.png in Resources */ = {isa = PBXBuildFile; fileRef = B099E0981B228C1300524954 /* Icon-40@2x.png */; };
		B099E0CE1B228C1300524954 /* Icon-44@2x.png in Resources */ = {isa = PBXBuildFile; fileRef = B099E0991B228C1300524954 /* Icon-44@2x.png */; };
		B099E0CF1B228C1300524954 /* Icon-86@2x.png in Resources */ = {isa = PBXBuildFile; fileRef = B099E09A1B228C1300524954 /* Icon-86@2x.png */; };
		B099E0D01B228C1300524954 /* Icon-98@2x.png in Resources */ = {isa = PBXBuildFile; fileRef = B099E09B1B228C1300524954 /* Icon-98@2x.png */; };
		B099E0E91B22CF8B00524954 /* newClickButton.jpg in Resources */ = {isa = PBXBuildFile; fileRef = B099E0E81B22CF8B00524954 /* newClickButton.jpg */; };
		B099E0EE1B22E31000524954 /* newSinger.jpg in Resources */ = {isa = PBXBuildFile; fileRef = B099E0EB1B22E31000524954 /* newSinger.jpg */; };
		B099E0EF1B22E31000524954 /* newSound2.jpg in Resources */ = {isa = PBXBuildFile; fileRef = B099E0EC1B22E31000524954 /* newSound2.jpg */; };
		B09B2EEF1B05931700F28BA7 /* Argentina.gif in Resources */ = {isa = PBXBuildFile; fileRef = B09B2EAB1B05931700F28BA7 /* Argentina.gif */; };
		B09B2EF01B05931700F28BA7 /* Australia.gif in Resources */ = {isa = PBXBuildFile; fileRef = B09B2EAC1B05931700F28BA7 /* Australia.gif */; };
		B09B2EF11B05931700F28BA7 /* Austria.gif in Resources */ = {isa = PBXBuildFile; fileRef = B09B2EAD1B05931700F28BA7 /* Austria.gif */; };
		B09B2EF21B05931700F28BA7 /* Barbados.gif in Resources */ = {isa = PBXBuildFile; fileRef = B09B2EAE1B05931700F28BA7 /* Barbados.gif */; };
		B09B2EF31B05931700F28BA7 /* Belgium.gif in Resources */ = {isa = PBXBuildFile; fileRef = B09B2EAF1B05931700F28BA7 /* Belgium.gif */; };
		B09B2EF41B05931700F28BA7 /* Belize.gif in Resources */ = {isa = PBXBuildFile; fileRef = B09B2EB01B05931700F28BA7 /* Belize.gif */; };
		B09B2EF51B05931700F28BA7 /* Brazil.gif in Resources */ = {isa = PBXBuildFile; fileRef = B09B2EB11B05931700F28BA7 /* Brazil.gif */; };
		B09B2EF61B05931700F28BA7 /* Cameroon.gif in Resources */ = {isa = PBXBuildFile; fileRef = B09B2EB21B05931700F28BA7 /* Cameroon.gif */; };
		B09B2EF71B05931700F28BA7 /* Canada.gif in Resources */ = {isa = PBXBuildFile; fileRef = B09B2EB31B05931700F28BA7 /* Canada.gif */; };
		B09B2EF81B05931700F28BA7 /* CentralAfrica.gif in Resources */ = {isa = PBXBuildFile; fileRef = B09B2EB41B05931700F28BA7 /* CentralAfrica.gif */; };
		B09B2EF91B05931700F28BA7 /* Chile.gif in Resources */ = {isa = PBXBuildFile; fileRef = B09B2EB51B05931700F28BA7 /* Chile.gif */; };
		B09B2EFA1B05931700F28BA7 /* China.gif in Resources */ = {isa = PBXBuildFile; fileRef = B09B2EB61B05931700F28BA7 /* China.gif */; };
		B09B2EFB1B05931700F28BA7 /* Colombia.gif in Resources */ = {isa = PBXBuildFile; fileRef = B09B2EB71B05931700F28BA7 /* Colombia.gif */; };
		B09B2EFC1B05931700F28BA7 /* Cuba.gif in Resources */ = {isa = PBXBuildFile; fileRef = B09B2EB81B05931700F28BA7 /* Cuba.gif */; };
		B09B2EFD1B05931700F28BA7 /* Czech.gif in Resources */ = {isa = PBXBuildFile; fileRef = B09B2EB91B05931700F28BA7 /* Czech.gif */; };
		B09B2EFE1B05931700F28BA7 /* Denmark.gif in Resources */ = {isa = PBXBuildFile; fileRef = B09B2EBA1B05931700F28BA7 /* Denmark.gif */; };
		B09B2EFF1B05931700F28BA7 /* Dominica.gif in Resources */ = {isa = PBXBuildFile; fileRef = B09B2EBB1B05931700F28BA7 /* Dominica.gif */; };
		B09B2F001B05931700F28BA7 /* Fiji.gif in Resources */ = {isa = PBXBuildFile; fileRef = B09B2EBC1B05931700F28BA7 /* Fiji.gif */; };
		B09B2F011B05931700F28BA7 /* Finland.gif in Resources */ = {isa = PBXBuildFile; fileRef = B09B2EBD1B05931700F28BA7 /* Finland.gif */; };
		B09B2F021B05931700F28BA7 /* France.gif in Resources */ = {isa = PBXBuildFile; fileRef = B09B2EBE1B05931700F28BA7 /* France.gif */; };
		B09B2F031B05931700F28BA7 /* Germany.gif in Resources */ = {isa = PBXBuildFile; fileRef = B09B2EBF1B05931700F28BA7 /* Germany.gif */; };
		B09B2F041B05931700F28BA7 /* Ghana.gif in Resources */ = {isa = PBXBuildFile; fileRef = B09B2EC01B05931700F28BA7 /* Ghana.gif */; };
		B09B2F051B05931700F28BA7 /* Greece.gif in Resources */ = {isa = PBXBuildFile; fileRef = B09B2EC11B05931700F28BA7 /* Greece.gif */; };
		B09B2F061B05931700F28BA7 /* Guinea.gif in Resources */ = {isa = PBXBuildFile; fileRef = B09B2EC21B05931700F28BA7 /* Guinea.gif */; };
		B09B2F071B05931700F28BA7 /* Honduras.gif in Resources */ = {isa = PBXBuildFile; fileRef = B09B2EC31B05931700F28BA7 /* Honduras.gif */; };
		B09B2F081B05931700F28BA7 /* Hungary.gif in Resources */ = {isa = PBXBuildFile; fileRef = B09B2EC41B05931700F28BA7 /* Hungary.gif */; };
		B09B2F091B05931700F28BA7 /* Iceland.gif in Resources */ = {isa = PBXBuildFile; fileRef = B09B2EC51B05931700F28BA7 /* Iceland.gif */; };
		B09B2F0A1B05931700F28BA7 /* Indonesia.gif in Resources */ = {isa = PBXBuildFile; fileRef = B09B2EC61B05931700F28BA7 /* Indonesia.gif */; };
		B09B2F0B1B05931700F28BA7 /* Ireland.gif in Resources */ = {isa = PBXBuildFile; fileRef = B09B2EC71B05931700F28BA7 /* Ireland.gif */; };
		B09B2F0C1B05931700F28BA7 /* Italy.gif in Resources */ = {isa = PBXBuildFile; fileRef = B09B2EC81B05931700F28BA7 /* Italy.gif */; };
		B09B2F0D1B05931700F28BA7 /* Jamaica.gif in Resources */ = {isa = PBXBuildFile; fileRef = B09B2EC91B05931700F28BA7 /* Jamaica.gif */; };
		B09B2F0E1B05931700F28BA7 /* Japan.gif in Resources */ = {isa = PBXBuildFile; fileRef = B09B2ECA1B05931700F28BA7 /* Japan.gif */; };
		B09B2F0F1B05931700F28BA7 /* Korea.gif in Resources */ = {isa = PBXBuildFile; fileRef = B09B2ECB1B05931700F28BA7 /* Korea.gif */; };
		B09B2F101B05931700F28BA7 /* Kuwait.gif in Resources */ = {isa = PBXBuildFile; fileRef = B09B2ECC1B05931700F28BA7 /* Kuwait.gif */; };
		B09B2F111B05931700F28BA7 /* Luxembourg.gif in Resources */ = {isa = PBXBuildFile; fileRef = B09B2ECD1B05931700F28BA7 /* Luxembourg.gif */; };
		B09B2F121B05931700F28BA7 /* Mexico.gif in Resources */ = {isa = PBXBuildFile; fileRef = B09B2ECE1B05931700F28BA7 /* Mexico.gif */; };
		B09B2F131B05931700F28BA7 /* Monaco.gif in Resources */ = {isa = PBXBuildFile; fileRef = B09B2ECF1B05931700F28BA7 /* Monaco.gif */; };
		B09B2F141B05931700F28BA7 /* Mongolia.gif in Resources */ = {isa = PBXBuildFile; fileRef = B09B2ED01B05931700F28BA7 /* Mongolia.gif */; };
		B09B2F151B05931700F28BA7 /* Netherlands.gif in Resources */ = {isa = PBXBuildFile; fileRef = B09B2ED11B05931700F28BA7 /* Netherlands.gif */; };
		B09B2F161B05931700F28BA7 /* NewZealand.gif in Resources */ = {isa = PBXBuildFile; fileRef = B09B2ED21B05931700F28BA7 /* NewZealand.gif */; };
		B09B2F171B05931700F28BA7 /* Norway.gif in Resources */ = {isa = PBXBuildFile; fileRef = B09B2ED31B05931700F28BA7 /* Norway.gif */; };
		B09B2F181B05931700F28BA7 /* Oman.gif in Resources */ = {isa = PBXBuildFile; fileRef = B09B2ED41B05931700F28BA7 /* Oman.gif */; };
		B09B2F191B05931700F28BA7 /* Panama.gif in Resources */ = {isa = PBXBuildFile; fileRef = B09B2ED51B05931700F28BA7 /* Panama.gif */; };
		B09B2F1A1B05931700F28BA7 /* Paraguay.gif in Resources */ = {isa = PBXBuildFile; fileRef = B09B2ED61B05931700F28BA7 /* Paraguay.gif */; };
		B09B2F1B1B05931700F28BA7 /* Peru.gif in Resources */ = {isa = PBXBuildFile; fileRef = B09B2ED71B05931700F28BA7 /* Peru.gif */; };
		B09B2F1C1B05931700F28BA7 /* Philippines.gif in Resources */ = {isa = PBXBuildFile; fileRef = B09B2ED81B05931700F28BA7 /* Philippines.gif */; };
		B09B2F1D1B05931700F28BA7 /* Poland.gif in Resources */ = {isa = PBXBuildFile; fileRef = B09B2ED91B05931700F28BA7 /* Poland.gif */; };
		B09B2F1E1B05931700F28BA7 /* Portugal.gif in Resources */ = {isa = PBXBuildFile; fileRef = B09B2EDA1B05931700F28BA7 /* Portugal.gif */; };
		B09B2F1F1B05931700F28BA7 /* Qatar.gif in Resources */ = {isa = PBXBuildFile; fileRef = B09B2EDB1B05931700F28BA7 /* Qatar.gif */; };
		B09B2F201B05931700F28BA7 /* Russia.gif in Resources */ = {isa = PBXBuildFile; fileRef = B09B2EDC1B05931700F28BA7 /* Russia.gif */; };
		B09B2F211B05931700F28BA7 /* Samoa.gif in Resources */ = {isa = PBXBuildFile; fileRef = B09B2EDD1B05931700F28BA7 /* Samoa.gif */; };
		B09B2F221B05931700F28BA7 /* Serbia.gif in Resources */ = {isa = PBXBuildFile; fileRef = B09B2EDE1B05931700F28BA7 /* Serbia.gif */; };
		B09B2F231B05931700F28BA7 /* Singapore.gif in Resources */ = {isa = PBXBuildFile; fileRef = B09B2EDF1B05931700F28BA7 /* Singapore.gif */; };
		B09B2F241B05931700F28BA7 /* Spain.gif in Resources */ = {isa = PBXBuildFile; fileRef = B09B2EE01B05931700F28BA7 /* Spain.gif */; };
		B09B2F251B05931700F28BA7 /* Sweden.gif in Resources */ = {isa = PBXBuildFile; fileRef = B09B2EE11B05931700F28BA7 /* Sweden.gif */; };
		B09B2F261B05931700F28BA7 /* Switzerland.gif in Resources */ = {isa = PBXBuildFile; fileRef = B09B2EE21B05931700F28BA7 /* Switzerland.gif */; };
		B09B2F271B05931700F28BA7 /* Thailand.gif in Resources */ = {isa = PBXBuildFile; fileRef = B09B2EE31B05931700F28BA7 /* Thailand.gif */; };
		B09B2F281B05931700F28BA7 /* Tonga.gif in Resources */ = {isa = PBXBuildFile; fileRef = B09B2EE41B05931700F28BA7 /* Tonga.gif */; };
		B09B2F291B05931700F28BA7 /* Tunisiagif.gif in Resources */ = {isa = PBXBuildFile; fileRef = B09B2EE51B05931700F28BA7 /* Tunisiagif.gif */; };
		B09B2F2A1B05931800F28BA7 /* Turkey.gif in Resources */ = {isa = PBXBuildFile; fileRef = B09B2EE61B05931700F28BA7 /* Turkey.gif */; };
		B09B2F2B1B05931800F28BA7 /* UnitedKingdom.gif in Resources */ = {isa = PBXBuildFile; fileRef = B09B2EE71B05931700F28BA7 /* UnitedKingdom.gif */; };
		B09B2F2C1B05931800F28BA7 /* USA.gif in Resources */ = {isa = PBXBuildFile; fileRef = B09B2EE81B05931700F28BA7 /* USA.gif */; };
		B09B2F2D1B05931800F28BA7 /* Venezuela.gif in Resources */ = {isa = PBXBuildFile; fileRef = B09B2EE91B05931700F28BA7 /* Venezuela.gif */; };
		B09B2F2E1B05931800F28BA7 /* Vietnam.gif in Resources */ = {isa = PBXBuildFile; fileRef = B09B2EEA1B05931700F28BA7 /* Vietnam.gif */; };
		B0C283F61AF9B4F500C38707 /* main.m in Sources */ = {isa = PBXBuildFile; fileRef = B0C283F51AF9B4F500C38707 /* main.m */; };
		B0C283F91AF9B4F500C38707 /* AppDelegate.m in Sources */ = {isa = PBXBuildFile; fileRef = B0C283F81AF9B4F500C38707 /* AppDelegate.m */; };
		B0C283FC1AF9B4F500C38707 /* ViewController.m in Sources */ = {isa = PBXBuildFile; fileRef = B0C283FB1AF9B4F500C38707 /* ViewController.m */; };
		B0C284011AF9B4F500C38707 /* Images.xcassets in Resources */ = {isa = PBXBuildFile; fileRef = B0C284001AF9B4F500C38707 /* Images.xcassets */; };
		B0C284041AF9B4F500C38707 /* LaunchScreen.xib in Resources */ = {isa = PBXBuildFile; fileRef = B0C284021AF9B4F500C38707 /* LaunchScreen.xib */; };
		B0C284101AF9B4F500C38707 /* newMusicTests.m in Sources */ = {isa = PBXBuildFile; fileRef = B0C2840F1AF9B4F500C38707 /* newMusicTests.m */; };
		B0C284281AF9B7B000C38707 /* mainViewController.m in Sources */ = {isa = PBXBuildFile; fileRef = B0C2841F1AF9B7B000C38707 /* mainViewController.m */; };
		B0C2842A1AF9B7B000C38707 /* userSignUpViewController.m in Sources */ = {isa = PBXBuildFile; fileRef = B0C284231AF9B7B000C38707 /* userSignUpViewController.m */; };
		B0CCDCCE1B293C74008001AA /* MyEditor.mp4 in Resources */ = {isa = PBXBuildFile; fileRef = B0CCDCCC1B293C74008001AA /* MyEditor.mp4 */; };
		B0ED2B3A1B28A29B00F325C7 /* no_image.gif in Resources */ = {isa = PBXBuildFile; fileRef = B0ED2B391B28A29B00F325C7 /* no_image.gif */; };
		B0F0A5031B1854DA0012B8F0 /* MediaPlayer.framework in Frameworks */ = {isa = PBXBuildFile; fileRef = B0F0A5021B1854DA0012B8F0 /* MediaPlayer.framework */; };
/* End PBXBuildFile section */

/* Begin PBXContainerItemProxy section */
		B0C2840A1AF9B4F500C38707 /* PBXContainerItemProxy */ = {
			isa = PBXContainerItemProxy;
			containerPortal = B0C283E81AF9B4F500C38707 /* Project object */;
			proxyType = 1;
			remoteGlobalIDString = B0C283EF1AF9B4F500C38707;
			remoteInfo = newMusic;
		};
/* End PBXContainerItemProxy section */

/* Begin PBXFileReference section */
		B014F4AD1B1D965100B4D920 /* playBackViewController.h */ = {isa = PBXFileReference; fileEncoding = 4; lastKnownFileType = sourcecode.c.h; path = playBackViewController.h; sourceTree = "<group>"; };
		B014F4AE1B1D965200B4D920 /* playBackViewController.m */ = {isa = PBXFileReference; fileEncoding = 4; lastKnownFileType = sourcecode.c.objc; path = playBackViewController.m; sourceTree = "<group>"; };
		B01737231B24AFFE00AC18D3 /* home.jpg */ = {isa = PBXFileReference; lastKnownFileType = image.jpeg; path = home.jpg; sourceTree = "<group>"; };
		B01737251B24B01400AC18D3 /* serch.jpg */ = {isa = PBXFileReference; lastKnownFileType = image.jpeg; path = serch.jpg; sourceTree = "<group>"; };
		B01737271B24B3A600AC18D3 /* newGood.jpg */ = {isa = PBXFileReference; lastKnownFileType = image.jpeg; path = newGood.jpg; sourceTree = "<group>"; };
		B019469A1B23F6B000563F97 /* Main.storyboard */ = {isa = PBXFileReference; fileEncoding = 4; lastKnownFileType = file.storyboard; path = Main.storyboard; sourceTree = "<group>"; };
		B02377251B203E1A00FAEE7B /* sampleImageViewController.h */ = {isa = PBXFileReference; fileEncoding = 4; lastKnownFileType = sourcecode.c.h; path = sampleImageViewController.h; sourceTree = "<group>"; };
		B02377261B203E1A00FAEE7B /* sampleImageViewController.m */ = {isa = PBXFileReference; fileEncoding = 4; lastKnownFileType = sourcecode.c.objc; path = sampleImageViewController.m; sourceTree = "<group>"; };
		B0246B141B1EA84900C7A09A /* searchGenreViewController.h */ = {isa = PBXFileReference; fileEncoding = 4; lastKnownFileType = sourcecode.c.h; path = searchGenreViewController.h; sourceTree = "<group>"; };
		B0246B151B1EA84900C7A09A /* searchGenreViewController.m */ = {isa = PBXFileReference; fileEncoding = 4; lastKnownFileType = sourcecode.c.objc; path = searchGenreViewController.m; sourceTree = "<group>"; };
		B0246B581B1F358F00C7A09A /* alternativeImg.jpg */ = {isa = PBXFileReference; lastKnownFileType = image.jpeg; path = alternativeImg.jpg; sourceTree = "<group>"; };
		B0246B591B1F358F00C7A09A /* animeImg.jpg */ = {isa = PBXFileReference; lastKnownFileType = image.jpeg; path = animeImg.jpg; sourceTree = "<group>"; };
		B0246B5A1B1F358F00C7A09A /* classicImg.jpg */ = {isa = PBXFileReference; lastKnownFileType = image.jpeg; path = classicImg.jpg; sourceTree = "<group>"; };
		B0246B5B1B1F358F00C7A09A /* danceImg.jpg */ = {isa = PBXFileReference; lastKnownFileType = image.jpeg; path = danceImg.jpg; sourceTree = "<group>"; };
		B0246B5C1B1F358F00C7A09A /* edmImg.jpg */ = {isa = PBXFileReference; lastKnownFileType = image.jpeg; path = edmImg.jpg; sourceTree = "<group>"; };
		B0246B5D1B1F358F00C7A09A /* fitnessImg.jpg */ = {isa = PBXFileReference; lastKnownFileType = image.jpeg; path = fitnessImg.jpg; sourceTree = "<group>"; };
		B0246B5E1B1F358F00C7A09A /* hipHopImg.jpg */ = {isa = PBXFileReference; lastKnownFileType = image.jpeg; path = hipHopImg.jpg; sourceTree = "<group>"; };
		B0246B5F1B1F358F00C7A09A /* hitSongImg.jpg */ = {isa = PBXFileReference; lastKnownFileType = image.jpeg; path = hitSongImg.jpg; sourceTree = "<group>"; };
		B0246B601B1F358F00C7A09A /* jazzImg.jpg */ = {isa = PBXFileReference; lastKnownFileType = image.jpeg; path = jazzImg.jpg; sourceTree = "<group>"; };
		B0246B611B1F358F00C7A09A /* jPopImg.jpg */ = {isa = PBXFileReference; lastKnownFileType = image.jpeg; path = jPopImg.jpg; sourceTree = "<group>"; };
		B0246B621B1F358F00C7A09A /* NewArtistImg.jpg */ = {isa = PBXFileReference; lastKnownFileType = image.jpeg; path = NewArtistImg.jpg; sourceTree = "<group>"; };
		B0246B631B1F358F00C7A09A /* popImg.jpg */ = {isa = PBXFileReference; lastKnownFileType = image.jpeg; path = popImg.jpg; sourceTree = "<group>"; };
		B0246B641B1F358F00C7A09A /* rbImg.jpg */ = {isa = PBXFileReference; lastKnownFileType = image.jpeg; path = rbImg.jpg; sourceTree = "<group>"; };
		B0246B651B1F358F00C7A09A /* reggaeImg.jpg */ = {isa = PBXFileReference; lastKnownFileType = image.jpeg; path = reggaeImg.jpg; sourceTree = "<group>"; };
		B0246B661B1F358F00C7A09A /* rockImg.jpg */ = {isa = PBXFileReference; lastKnownFileType = image.jpeg; path = rockImg.jpg; sourceTree = "<group>"; };
		B0246B671B1F358F00C7A09A /* soundTrackImg.jpg */ = {isa = PBXFileReference; lastKnownFileType = image.jpeg; path = soundTrackImg.jpg; sourceTree = "<group>"; };
		B02846601B3AA5E400DF2FA0 /* newSinger4.jpg */ = {isa = PBXFileReference; lastKnownFileType = image.jpeg; path = newSinger4.jpg; sourceTree = "<group>"; };
		B02846621B3AB3C300DF2FA0 /* スクリーンショット 2015-06-24 2.44.21.png */ = {isa = PBXFileReference; lastKnownFileType = image.png; path = "スクリーンショット 2015-06-24 2.44.21.png"; sourceTree = "<group>"; };
		B041C7E91B01EEE500DAF891 /* searchViewController.h */ = {isa = PBXFileReference; fileEncoding = 4; lastKnownFileType = sourcecode.c.h; name = searchViewController.h; path = ../searchViewController.h; sourceTree = "<group>"; };
		B041C7EA1B01EEE500DAF891 /* searchViewController.m */ = {isa = PBXFileReference; fileEncoding = 4; lastKnownFileType = sourcecode.c.objc; name = searchViewController.m; path = ../searchViewController.m; sourceTree = "<group>"; };
		B0428C8E1B275E75000DC9F1 /* newSound.jpg */ = {isa = PBXFileReference; lastKnownFileType = image.jpeg; path = newSound.jpg; sourceTree = "<group>"; };
		B0592FEC1BBF51A100459CB1 /* btn_genre.png */ = {isa = PBXFileReference; lastKnownFileType = image.png; path = btn_genre.png; sourceTree = "<group>"; };
		B0592FED1BBF51A100459CB1 /* btn_home.png */ = {isa = PBXFileReference; lastKnownFileType = image.png; path = btn_home.png; sourceTree = "<group>"; };
		B0592FEE1BBF51A100459CB1 /* btn_profile.png */ = {isa = PBXFileReference; lastKnownFileType = image.png; path = btn_profile.png; sourceTree = "<group>"; };
		B0592FEF1BBF51A100459CB1 /* btn_search.png */ = {isa = PBXFileReference; lastKnownFileType = image.png; path = btn_search.png; sourceTree = "<group>"; };
		B0592FF01BBF51A100459CB1 /* btn_speaker.png */ = {isa = PBXFileReference; lastKnownFileType = image.png; path = btn_speaker.png; sourceTree = "<group>"; };
		B0592FF11BBF51A100459CB1 /* btn_star.png */ = {isa = PBXFileReference; lastKnownFileType = image.png; path = btn_star.png; sourceTree = "<group>"; };
		B0592FF21BBF51A100459CB1 /* icon01.png */ = {isa = PBXFileReference; lastKnownFileType = image.png; path = icon01.png; sourceTree = "<group>"; };
		B0592FF31BBF51A100459CB1 /* icon02.png */ = {isa = PBXFileReference; lastKnownFileType = image.png; path = icon02.png; sourceTree = "<group>"; };
		B0592FF41BBF51A100459CB1 /* icon03.png */ = {isa = PBXFileReference; lastKnownFileType = image.png; path = icon03.png; sourceTree = "<group>"; };
		B0592FFF1BBF51C600459CB1 /* btn_grey.png */ = {isa = PBXFileReference; lastKnownFileType = image.png; path = btn_grey.png; sourceTree = "<group>"; };
		B05930001BBF51C600459CB1 /* btn_white.png */ = {isa = PBXFileReference; lastKnownFileType = image.png; path = btn_white.png; sourceTree = "<group>"; };
		B05930011BBF51C600459CB1 /* logo.png */ = {isa = PBXFileReference; lastKnownFileType = image.png; path = logo.png; sourceTree = "<group>"; };
		B05930021BBF51C600459CB1 /* scanning-line.png */ = {isa = PBXFileReference; lastKnownFileType = image.png; path = "scanning-line.png"; sourceTree = "<group>"; };
		B05930071BBF51E700459CB1 /* background.png */ = {isa = PBXFileReference; lastKnownFileType = image.png; name = background.png; path = newMusic/background.png; sourceTree = SOURCE_ROOT; };
		B07CCC0A1B0D72480052101A /* mainTableView.xib */ = {isa = PBXFileReference; fileEncoding = 4; lastKnownFileType = file.xib; name = mainTableView.xib; path = newMusic.xcodeproj/../mainTableView.xib; sourceTree = SOURCE_ROOT; };
		B07CCC171B0DBFC40052101A /* newMainTableViewCell.h */ = {isa = PBXFileReference; fileEncoding = 4; lastKnownFileType = sourcecode.c.h; name = newMainTableViewCell.h; path = newMusic.xcodeproj/../newMainTableViewCell.h; sourceTree = SOURCE_ROOT; };
		B07CCC181B0DBFC40052101A /* newMainTableViewCell.m */ = {isa = PBXFileReference; fileEncoding = 4; lastKnownFileType = sourcecode.c.objc; name = newMainTableViewCell.m; path = newMusic.xcodeproj/../newMainTableViewCell.m; sourceTree = SOURCE_ROOT; };
		B07CCC1D1B0F21F30052101A /* comentButtoun.png */ = {isa = PBXFileReference; lastKnownFileType = image.png; path = comentButtoun.png; sourceTree = "<group>"; };
		B07CCC1F1B0F21F30052101A /* PlaybackButton.jpg */ = {isa = PBXFileReference; lastKnownFileType = image.jpeg; path = PlaybackButton.jpg; sourceTree = "<group>"; };
		B0956D421B1BF40200C08E88 /* soundViewController.h */ = {isa = PBXFileReference; fileEncoding = 4; lastKnownFileType = sourcecode.c.h; path = soundViewController.h; sourceTree = "<group>"; };
		B0956D431B1BF40200C08E88 /* soundViewController.m */ = {isa = PBXFileReference; fileEncoding = 4; lastKnownFileType = sourcecode.c.objc; path = soundViewController.m; sourceTree = "<group>"; };
		B0956D4A1B1C2FC000C08E88 /* searchArtistViewController.h */ = {isa = PBXFileReference; fileEncoding = 4; lastKnownFileType = sourcecode.c.h; path = searchArtistViewController.h; sourceTree = "<group>"; };
		B0956D4B1B1C2FC000C08E88 /* searchArtistViewController.m */ = {isa = PBXFileReference; fileEncoding = 4; lastKnownFileType = sourcecode.c.objc; path = searchArtistViewController.m; sourceTree = "<group>"; };
		B099E03D1B2194C700524954 /* alertCanselViewController.h */ = {isa = PBXFileReference; fileEncoding = 4; lastKnownFileType = sourcecode.c.h; path = alertCanselViewController.h; sourceTree = "<group>"; };
		B099E03E1B2194C700524954 /* alertCanselViewController.m */ = {isa = PBXFileReference; fileEncoding = 4; lastKnownFileType = sourcecode.c.objc; path = alertCanselViewController.m; sourceTree = "<group>"; };
		B099E06E1B228C1200524954 /* ic_launcher.png */ = {isa = PBXFileReference; lastKnownFileType = image.png; path = ic_launcher.png; sourceTree = "<group>"; };
		B099E0701B228C1200524954 /* ic_launcher.png */ = {isa = PBXFileReference; lastKnownFileType = image.png; path = ic_launcher.png; sourceTree = "<group>"; };
		B099E0721B228C1300524954 /* ic_launcher.png */ = {isa = PBXFileReference; lastKnownFileType = image.png; path = ic_launcher.png; sourceTree = "<group>"; };
		B099E0741B228C1300524954 /* ic_launcher.png */ = {isa = PBXFileReference; lastKnownFileType = image.png; path = ic_launcher.png; sourceTree = "<group>"; };
		B099E0761B228C1300524954 /* ic_launcher.png */ = {isa = PBXFileReference; lastKnownFileType = image.png; path = ic_launcher.png; sourceTree = "<group>"; };
		B099E0781B228C1300524954 /* ic_launcher.png */ = {isa = PBXFileReference; lastKnownFileType = image.png; path = ic_launcher.png; sourceTree = "<group>"; };
		B099E0791B228C1300524954 /* playstore-icon.png */ = {isa = PBXFileReference; lastKnownFileType = image.png; path = "playstore-icon.png"; sourceTree = "<group>"; };
		B099E07C1B228C1300524954 /* Contents.json */ = {isa = PBXFileReference; fileEncoding = 4; lastKnownFileType = text.json; path = Contents.json; sourceTree = "<group>"; };
		B099E07D1B228C1300524954 /* Icon-40.png */ = {isa = PBXFileReference; lastKnownFileType = image.png; path = "Icon-40.png"; sourceTree = "<group>"; };
		B099E07E1B228C1300524954 /* Icon-40@2x.png */ = {isa = PBXFileReference; lastKnownFileType = image.png; path = "Icon-40@2x.png"; sourceTree = "<group>"; };
		B099E07F1B228C1300524954 /* Icon-40@3x.png */ = {isa = PBXFileReference; lastKnownFileType = image.png; path = "Icon-40@3x.png"; sourceTree = "<group>"; };
		B099E0801B228C1300524954 /* Icon-60@2x.png */ = {isa = PBXFileReference; lastKnownFileType = image.png; path = "Icon-60@2x.png"; sourceTree = "<group>"; };
		B099E0811B228C1300524954 /* Icon-60@3x.png */ = {isa = PBXFileReference; lastKnownFileType = image.png; path = "Icon-60@3x.png"; sourceTree = "<group>"; };
		B099E0821B228C1300524954 /* Icon-76.png */ = {isa = PBXFileReference; lastKnownFileType = image.png; path = "Icon-76.png"; sourceTree = "<group>"; };
		B099E0831B228C1300524954 /* Icon-76@2x.png */ = {isa = PBXFileReference; lastKnownFileType = image.png; path = "Icon-76@2x.png"; sourceTree = "<group>"; };
		B099E0841B228C1300524954 /* Icon-Small.png */ = {isa = PBXFileReference; lastKnownFileType = image.png; path = "Icon-Small.png"; sourceTree = "<group>"; };
		B099E0851B228C1300524954 /* Icon-Small@2x.png */ = {isa = PBXFileReference; lastKnownFileType = image.png; path = "Icon-Small@2x.png"; sourceTree = "<group>"; };
		B099E0861B228C1300524954 /* Icon-Small@3x.png */ = {isa = PBXFileReference; lastKnownFileType = image.png; path = "Icon-Small@3x.png"; sourceTree = "<group>"; };
		B099E0871B228C1300524954 /* Icon-60.png */ = {isa = PBXFileReference; lastKnownFileType = image.png; path = "Icon-60.png"; sourceTree = "<group>"; };
		B099E0881B228C1300524954 /* Icon-72.png */ = {isa = PBXFileReference; lastKnownFileType = image.png; path = "Icon-72.png"; sourceTree = "<group>"; };
		B099E0891B228C1300524954 /* Icon-72@2x.png */ = {isa = PBXFileReference; lastKnownFileType = image.png; path = "Icon-72@2x.png"; sourceTree = "<group>"; };
		B099E08A1B228C1300524954 /* Icon-Small-50.png */ = {isa = PBXFileReference; lastKnownFileType = image.png; path = "Icon-Small-50.png"; sourceTree = "<group>"; };
		B099E08B1B228C1300524954 /* Icon-Small-50@2x.png */ = {isa = PBXFileReference; lastKnownFileType = image.png; path = "Icon-Small-50@2x.png"; sourceTree = "<group>"; };
		B099E08C1B228C1300524954 /* Icon.png */ = {isa = PBXFileReference; lastKnownFileType = image.png; path = Icon.png; sourceTree = "<group>"; };
		B099E08D1B228C1300524954 /* Icon@2x.png */ = {isa = PBXFileReference; lastKnownFileType = image.png; path = "Icon@2x.png"; sourceTree = "<group>"; };
		B099E08E1B228C1300524954 /* iTunesArtwork.png */ = {isa = PBXFileReference; lastKnownFileType = image.png; path = iTunesArtwork.png; sourceTree = "<group>"; };
		B099E08F1B228C1300524954 /* iTunesArtwork@2x.png */ = {isa = PBXFileReference; lastKnownFileType = image.png; path = "iTunesArtwork@2x.png"; sourceTree = "<group>"; };
		B099E0901B228C1300524954 /* README.md */ = {isa = PBXFileReference; fileEncoding = 4; lastKnownFileType = net.daringfireball.markdown; path = README.md; sourceTree = "<group>"; };
		B099E0931B228C1300524954 /* Contents.json */ = {isa = PBXFileReference; fileEncoding = 4; lastKnownFileType = text.json; path = Contents.json; sourceTree = "<group>"; };
		B099E0941B228C1300524954 /* Icon-24@2x.png */ = {isa = PBXFileReference; lastKnownFileType = image.png; path = "Icon-24@2x.png"; sourceTree = "<group>"; };
		B099E0951B228C1300524954 /* Icon-27.5@2x.png */ = {isa = PBXFileReference; lastKnownFileType = image.png; path = "Icon-27.5@2x.png"; sourceTree = "<group>"; };
		B099E0961B228C1300524954 /* Icon-29@2x.png */ = {isa = PBXFileReference; lastKnownFileType = image.png; path = "Icon-29@2x.png"; sourceTree = "<group>"; };
		B099E0971B228C1300524954 /* Icon-29@3x.png */ = {isa = PBXFileReference; lastKnownFileType = image.png; path = "Icon-29@3x.png"; sourceTree = "<group>"; };
		B099E0981B228C1300524954 /* Icon-40@2x.png */ = {isa = PBXFileReference; lastKnownFileType = image.png; path = "Icon-40@2x.png"; sourceTree = "<group>"; };
		B099E0991B228C1300524954 /* Icon-44@2x.png */ = {isa = PBXFileReference; lastKnownFileType = image.png; path = "Icon-44@2x.png"; sourceTree = "<group>"; };
		B099E09A1B228C1300524954 /* Icon-86@2x.png */ = {isa = PBXFileReference; lastKnownFileType = image.png; path = "Icon-86@2x.png"; sourceTree = "<group>"; };
		B099E09B1B228C1300524954 /* Icon-98@2x.png */ = {isa = PBXFileReference; lastKnownFileType = image.png; path = "Icon-98@2x.png"; sourceTree = "<group>"; };
		B099E0E81B22CF8B00524954 /* newClickButton.jpg */ = {isa = PBXFileReference; lastKnownFileType = image.jpeg; path = newClickButton.jpg; sourceTree = "<group>"; };
		B099E0EB1B22E31000524954 /* newSinger.jpg */ = {isa = PBXFileReference; lastKnownFileType = image.jpeg; path = newSinger.jpg; sourceTree = "<group>"; };
		B099E0EC1B22E31000524954 /* newSound2.jpg */ = {isa = PBXFileReference; lastKnownFileType = image.jpeg; path = newSound2.jpg; sourceTree = "<group>"; };
		B09B2EAB1B05931700F28BA7 /* Argentina.gif */ = {isa = PBXFileReference; lastKnownFileType = image.gif; path = Argentina.gif; sourceTree = "<group>"; };
		B09B2EAC1B05931700F28BA7 /* Australia.gif */ = {isa = PBXFileReference; lastKnownFileType = image.gif; path = Australia.gif; sourceTree = "<group>"; };
		B09B2EAD1B05931700F28BA7 /* Austria.gif */ = {isa = PBXFileReference; lastKnownFileType = image.gif; path = Austria.gif; sourceTree = "<group>"; };
		B09B2EAE1B05931700F28BA7 /* Barbados.gif */ = {isa = PBXFileReference; lastKnownFileType = image.gif; path = Barbados.gif; sourceTree = "<group>"; };
		B09B2EAF1B05931700F28BA7 /* Belgium.gif */ = {isa = PBXFileReference; lastKnownFileType = image.gif; path = Belgium.gif; sourceTree = "<group>"; };
		B09B2EB01B05931700F28BA7 /* Belize.gif */ = {isa = PBXFileReference; lastKnownFileType = image.gif; path = Belize.gif; sourceTree = "<group>"; };
		B09B2EB11B05931700F28BA7 /* Brazil.gif */ = {isa = PBXFileReference; lastKnownFileType = image.gif; path = Brazil.gif; sourceTree = "<group>"; };
		B09B2EB21B05931700F28BA7 /* Cameroon.gif */ = {isa = PBXFileReference; lastKnownFileType = image.gif; path = Cameroon.gif; sourceTree = "<group>"; };
		B09B2EB31B05931700F28BA7 /* Canada.gif */ = {isa = PBXFileReference; lastKnownFileType = image.gif; path = Canada.gif; sourceTree = "<group>"; };
		B09B2EB41B05931700F28BA7 /* CentralAfrica.gif */ = {isa = PBXFileReference; lastKnownFileType = image.gif; path = CentralAfrica.gif; sourceTree = "<group>"; };
		B09B2EB51B05931700F28BA7 /* Chile.gif */ = {isa = PBXFileReference; lastKnownFileType = image.gif; path = Chile.gif; sourceTree = "<group>"; };
		B09B2EB61B05931700F28BA7 /* China.gif */ = {isa = PBXFileReference; lastKnownFileType = image.gif; path = China.gif; sourceTree = "<group>"; };
		B09B2EB71B05931700F28BA7 /* Colombia.gif */ = {isa = PBXFileReference; lastKnownFileType = image.gif; path = Colombia.gif; sourceTree = "<group>"; };
		B09B2EB81B05931700F28BA7 /* Cuba.gif */ = {isa = PBXFileReference; lastKnownFileType = image.gif; path = Cuba.gif; sourceTree = "<group>"; };
		B09B2EB91B05931700F28BA7 /* Czech.gif */ = {isa = PBXFileReference; lastKnownFileType = image.gif; path = Czech.gif; sourceTree = "<group>"; };
		B09B2EBA1B05931700F28BA7 /* Denmark.gif */ = {isa = PBXFileReference; lastKnownFileType = image.gif; path = Denmark.gif; sourceTree = "<group>"; };
		B09B2EBB1B05931700F28BA7 /* Dominica.gif */ = {isa = PBXFileReference; lastKnownFileType = image.gif; path = Dominica.gif; sourceTree = "<group>"; };
		B09B2EBC1B05931700F28BA7 /* Fiji.gif */ = {isa = PBXFileReference; lastKnownFileType = image.gif; path = Fiji.gif; sourceTree = "<group>"; };
		B09B2EBD1B05931700F28BA7 /* Finland.gif */ = {isa = PBXFileReference; lastKnownFileType = image.gif; path = Finland.gif; sourceTree = "<group>"; };
		B09B2EBE1B05931700F28BA7 /* France.gif */ = {isa = PBXFileReference; lastKnownFileType = image.gif; path = France.gif; sourceTree = "<group>"; };
		B09B2EBF1B05931700F28BA7 /* Germany.gif */ = {isa = PBXFileReference; lastKnownFileType = image.gif; path = Germany.gif; sourceTree = "<group>"; };
		B09B2EC01B05931700F28BA7 /* Ghana.gif */ = {isa = PBXFileReference; lastKnownFileType = image.gif; path = Ghana.gif; sourceTree = "<group>"; };
		B09B2EC11B05931700F28BA7 /* Greece.gif */ = {isa = PBXFileReference; lastKnownFileType = image.gif; path = Greece.gif; sourceTree = "<group>"; };
		B09B2EC21B05931700F28BA7 /* Guinea.gif */ = {isa = PBXFileReference; lastKnownFileType = image.gif; path = Guinea.gif; sourceTree = "<group>"; };
		B09B2EC31B05931700F28BA7 /* Honduras.gif */ = {isa = PBXFileReference; lastKnownFileType = image.gif; path = Honduras.gif; sourceTree = "<group>"; };
		B09B2EC41B05931700F28BA7 /* Hungary.gif */ = {isa = PBXFileReference; lastKnownFileType = image.gif; path = Hungary.gif; sourceTree = "<group>"; };
		B09B2EC51B05931700F28BA7 /* Iceland.gif */ = {isa = PBXFileReference; lastKnownFileType = image.gif; path = Iceland.gif; sourceTree = "<group>"; };
		B09B2EC61B05931700F28BA7 /* Indonesia.gif */ = {isa = PBXFileReference; lastKnownFileType = image.gif; path = Indonesia.gif; sourceTree = "<group>"; };
		B09B2EC71B05931700F28BA7 /* Ireland.gif */ = {isa = PBXFileReference; lastKnownFileType = image.gif; path = Ireland.gif; sourceTree = "<group>"; };
		B09B2EC81B05931700F28BA7 /* Italy.gif */ = {isa = PBXFileReference; lastKnownFileType = image.gif; path = Italy.gif; sourceTree = "<group>"; };
		B09B2EC91B05931700F28BA7 /* Jamaica.gif */ = {isa = PBXFileReference; lastKnownFileType = image.gif; path = Jamaica.gif; sourceTree = "<group>"; };
		B09B2ECA1B05931700F28BA7 /* Japan.gif */ = {isa = PBXFileReference; lastKnownFileType = image.gif; path = Japan.gif; sourceTree = "<group>"; };
		B09B2ECB1B05931700F28BA7 /* Korea.gif */ = {isa = PBXFileReference; lastKnownFileType = image.gif; path = Korea.gif; sourceTree = "<group>"; };
		B09B2ECC1B05931700F28BA7 /* Kuwait.gif */ = {isa = PBXFileReference; lastKnownFileType = image.gif; path = Kuwait.gif; sourceTree = "<group>"; };
		B09B2ECD1B05931700F28BA7 /* Luxembourg.gif */ = {isa = PBXFileReference; lastKnownFileType = image.gif; path = Luxembourg.gif; sourceTree = "<group>"; };
		B09B2ECE1B05931700F28BA7 /* Mexico.gif */ = {isa = PBXFileReference; lastKnownFileType = image.gif; path = Mexico.gif; sourceTree = "<group>"; };
		B09B2ECF1B05931700F28BA7 /* Monaco.gif */ = {isa = PBXFileReference; lastKnownFileType = image.gif; path = Monaco.gif; sourceTree = "<group>"; };
		B09B2ED01B05931700F28BA7 /* Mongolia.gif */ = {isa = PBXFileReference; lastKnownFileType = image.gif; path = Mongolia.gif; sourceTree = "<group>"; };
		B09B2ED11B05931700F28BA7 /* Netherlands.gif */ = {isa = PBXFileReference; lastKnownFileType = image.gif; path = Netherlands.gif; sourceTree = "<group>"; };
		B09B2ED21B05931700F28BA7 /* NewZealand.gif */ = {isa = PBXFileReference; lastKnownFileType = image.gif; path = NewZealand.gif; sourceTree = "<group>"; };
		B09B2ED31B05931700F28BA7 /* Norway.gif */ = {isa = PBXFileReference; lastKnownFileType = image.gif; path = Norway.gif; sourceTree = "<group>"; };
		B09B2ED41B05931700F28BA7 /* Oman.gif */ = {isa = PBXFileReference; lastKnownFileType = image.gif; path = Oman.gif; sourceTree = "<group>"; };
		B09B2ED51B05931700F28BA7 /* Panama.gif */ = {isa = PBXFileReference; lastKnownFileType = image.gif; path = Panama.gif; sourceTree = "<group>"; };
		B09B2ED61B05931700F28BA7 /* Paraguay.gif */ = {isa = PBXFileReference; lastKnownFileType = image.gif; path = Paraguay.gif; sourceTree = "<group>"; };
		B09B2ED71B05931700F28BA7 /* Peru.gif */ = {isa = PBXFileReference; lastKnownFileType = image.gif; path = Peru.gif; sourceTree = "<group>"; };
		B09B2ED81B05931700F28BA7 /* Philippines.gif */ = {isa = PBXFileReference; lastKnownFileType = image.gif; path = Philippines.gif; sourceTree = "<group>"; };
		B09B2ED91B05931700F28BA7 /* Poland.gif */ = {isa = PBXFileReference; lastKnownFileType = image.gif; path = Poland.gif; sourceTree = "<group>"; };
		B09B2EDA1B05931700F28BA7 /* Portugal.gif */ = {isa = PBXFileReference; lastKnownFileType = image.gif; path = Portugal.gif; sourceTree = "<group>"; };
		B09B2EDB1B05931700F28BA7 /* Qatar.gif */ = {isa = PBXFileReference; lastKnownFileType = image.gif; path = Qatar.gif; sourceTree = "<group>"; };
		B09B2EDC1B05931700F28BA7 /* Russia.gif */ = {isa = PBXFileReference; lastKnownFileType = image.gif; path = Russia.gif; sourceTree = "<group>"; };
		B09B2EDD1B05931700F28BA7 /* Samoa.gif */ = {isa = PBXFileReference; lastKnownFileType = image.gif; path = Samoa.gif; sourceTree = "<group>"; };
		B09B2EDE1B05931700F28BA7 /* Serbia.gif */ = {isa = PBXFileReference; lastKnownFileType = image.gif; path = Serbia.gif; sourceTree = "<group>"; };
		B09B2EDF1B05931700F28BA7 /* Singapore.gif */ = {isa = PBXFileReference; lastKnownFileType = image.gif; path = Singapore.gif; sourceTree = "<group>"; };
		B09B2EE01B05931700F28BA7 /* Spain.gif */ = {isa = PBXFileReference; lastKnownFileType = image.gif; path = Spain.gif; sourceTree = "<group>"; };
		B09B2EE11B05931700F28BA7 /* Sweden.gif */ = {isa = PBXFileReference; lastKnownFileType = image.gif; path = Sweden.gif; sourceTree = "<group>"; };
		B09B2EE21B05931700F28BA7 /* Switzerland.gif */ = {isa = PBXFileReference; lastKnownFileType = image.gif; path = Switzerland.gif; sourceTree = "<group>"; };
		B09B2EE31B05931700F28BA7 /* Thailand.gif */ = {isa = PBXFileReference; lastKnownFileType = image.gif; path = Thailand.gif; sourceTree = "<group>"; };
		B09B2EE41B05931700F28BA7 /* Tonga.gif */ = {isa = PBXFileReference; lastKnownFileType = image.gif; path = Tonga.gif; sourceTree = "<group>"; };
		B09B2EE51B05931700F28BA7 /* Tunisiagif.gif */ = {isa = PBXFileReference; lastKnownFileType = image.gif; path = Tunisiagif.gif; sourceTree = "<group>"; };
		B09B2EE61B05931700F28BA7 /* Turkey.gif */ = {isa = PBXFileReference; lastKnownFileType = image.gif; path = Turkey.gif; sourceTree = "<group>"; };
		B09B2EE71B05931700F28BA7 /* UnitedKingdom.gif */ = {isa = PBXFileReference; lastKnownFileType = image.gif; path = UnitedKingdom.gif; sourceTree = "<group>"; };
		B09B2EE81B05931700F28BA7 /* USA.gif */ = {isa = PBXFileReference; lastKnownFileType = image.gif; path = USA.gif; sourceTree = "<group>"; };
		B09B2EE91B05931700F28BA7 /* Venezuela.gif */ = {isa = PBXFileReference; lastKnownFileType = image.gif; path = Venezuela.gif; sourceTree = "<group>"; };
		B09B2EEA1B05931700F28BA7 /* Vietnam.gif */ = {isa = PBXFileReference; lastKnownFileType = image.gif; path = Vietnam.gif; sourceTree = "<group>"; };
		B0C283F01AF9B4F500C38707 /* newMusic.app */ = {isa = PBXFileReference; explicitFileType = wrapper.application; includeInIndex = 0; path = newMusic.app; sourceTree = BUILT_PRODUCTS_DIR; };
		B0C283F41AF9B4F500C38707 /* Info.plist */ = {isa = PBXFileReference; lastKnownFileType = text.plist.xml; path = Info.plist; sourceTree = "<group>"; };
		B0C283F51AF9B4F500C38707 /* main.m */ = {isa = PBXFileReference; lastKnownFileType = sourcecode.c.objc; path = main.m; sourceTree = "<group>"; };
		B0C283F71AF9B4F500C38707 /* AppDelegate.h */ = {isa = PBXFileReference; lastKnownFileType = sourcecode.c.h; path = AppDelegate.h; sourceTree = "<group>"; };
		B0C283F81AF9B4F500C38707 /* AppDelegate.m */ = {isa = PBXFileReference; lastKnownFileType = sourcecode.c.objc; path = AppDelegate.m; sourceTree = "<group>"; };
		B0C283FA1AF9B4F500C38707 /* ViewController.h */ = {isa = PBXFileReference; lastKnownFileType = sourcecode.c.h; path = ViewController.h; sourceTree = "<group>"; };
		B0C283FB1AF9B4F500C38707 /* ViewController.m */ = {isa = PBXFileReference; lastKnownFileType = sourcecode.c.objc; path = ViewController.m; sourceTree = "<group>"; };
		B0C284001AF9B4F500C38707 /* Images.xcassets */ = {isa = PBXFileReference; lastKnownFileType = folder.assetcatalog; path = Images.xcassets; sourceTree = "<group>"; };
		B0C284031AF9B4F500C38707 /* Base */ = {isa = PBXFileReference; lastKnownFileType = file.xib; name = Base; path = Base.lproj/LaunchScreen.xib; sourceTree = "<group>"; };
		B0C284091AF9B4F500C38707 /* newMusicTests.xctest */ = {isa = PBXFileReference; explicitFileType = wrapper.cfbundle; includeInIndex = 0; path = newMusicTests.xctest; sourceTree = BUILT_PRODUCTS_DIR; };
		B0C2840E1AF9B4F500C38707 /* Info.plist */ = {isa = PBXFileReference; lastKnownFileType = text.plist.xml; path = Info.plist; sourceTree = "<group>"; };
		B0C2840F1AF9B4F500C38707 /* newMusicTests.m */ = {isa = PBXFileReference; lastKnownFileType = sourcecode.c.objc; path = newMusicTests.m; sourceTree = "<group>"; };
		B0C2841E1AF9B7B000C38707 /* mainViewController.h */ = {isa = PBXFileReference; fileEncoding = 4; lastKnownFileType = sourcecode.c.h; path = mainViewController.h; sourceTree = "<group>"; };
		B0C2841F1AF9B7B000C38707 /* mainViewController.m */ = {isa = PBXFileReference; fileEncoding = 4; lastKnownFileType = sourcecode.c.objc; path = mainViewController.m; sourceTree = "<group>"; };
		B0C284221AF9B7B000C38707 /* userSignUpViewController.h */ = {isa = PBXFileReference; fileEncoding = 4; lastKnownFileType = sourcecode.c.h; path = userSignUpViewController.h; sourceTree = "<group>"; };
		B0C284231AF9B7B000C38707 /* userSignUpViewController.m */ = {isa = PBXFileReference; fileEncoding = 4; lastKnownFileType = sourcecode.c.objc; path = userSignUpViewController.m; sourceTree = "<group>"; };
		B0CCDCCD1B293C74008001AA /* Base */ = {isa = PBXFileReference; lastKnownFileType = file; name = Base; path = Base.lproj/MyEditor.mp4; sourceTree = "<group>"; };
		B0ED2B391B28A29B00F325C7 /* no_image.gif */ = {isa = PBXFileReference; lastKnownFileType = image.gif; path = no_image.gif; sourceTree = "<group>"; };
		B0F0A5021B1854DA0012B8F0 /* MediaPlayer.framework */ = {isa = PBXFileReference; lastKnownFileType = wrapper.framework; name = MediaPlayer.framework; path = System/Library/Frameworks/MediaPlayer.framework; sourceTree = SDKROOT; };
/* End PBXFileReference section */

/* Begin PBXFrameworksBuildPhase section */
		B0C283ED1AF9B4F500C38707 /* Frameworks */ = {
			isa = PBXFrameworksBuildPhase;
			buildActionMask = 2147483647;
			files = (
				B0F0A5031B1854DA0012B8F0 /* MediaPlayer.framework in Frameworks */,
			);
			runOnlyForDeploymentPostprocessing = 0;
		};
		B0C284061AF9B4F500C38707 /* Frameworks */ = {
			isa = PBXFrameworksBuildPhase;
			buildActionMask = 2147483647;
			files = (
			);
			runOnlyForDeploymentPostprocessing = 0;
		};
/* End PBXFrameworksBuildPhase section */

/* Begin PBXGroup section */
		B0592FEB1BBF51A100459CB1 /* home素材 */ = {
			isa = PBXGroup;
			children = (
				B0592FEC1BBF51A100459CB1 /* btn_genre.png */,
				B0592FED1BBF51A100459CB1 /* btn_home.png */,
				B0592FEE1BBF51A100459CB1 /* btn_profile.png */,
				B0592FEF1BBF51A100459CB1 /* btn_search.png */,
				B0592FF01BBF51A100459CB1 /* btn_speaker.png */,
				B0592FF11BBF51A100459CB1 /* btn_star.png */,
				B0592FF21BBF51A100459CB1 /* icon01.png */,
				B0592FF31BBF51A100459CB1 /* icon02.png */,
				B0592FF41BBF51A100459CB1 /* icon03.png */,
			);
			path = "home素材";
			sourceTree = "<group>";
		};
		B0592FFE1BBF51C600459CB1 /* top素材 */ = {
			isa = PBXGroup;
			children = (
				B05930071BBF51E700459CB1 /* background.png */,
				B0592FFF1BBF51C600459CB1 /* btn_grey.png */,
				B05930001BBF51C600459CB1 /* btn_white.png */,
				B05930011BBF51C600459CB1 /* logo.png */,
				B05930021BBF51C600459CB1 /* scanning-line.png */,
			);
			path = "top素材";
			sourceTree = "<group>";
		};
		B07CCC1A1B0F21F20052101A /* 各種画像 */ = {
			isa = PBXGroup;
			children = (
				B02846621B3AB3C300DF2FA0 /* スクリーンショット 2015-06-24 2.44.21.png */,
				B02846601B3AA5E400DF2FA0 /* newSinger4.jpg */,
				B0ED2B391B28A29B00F325C7 /* no_image.gif */,
				B0428C8E1B275E75000DC9F1 /* newSound.jpg */,
				B01737271B24B3A600AC18D3 /* newGood.jpg */,
				B01737251B24B01400AC18D3 /* serch.jpg */,
				B01737231B24AFFE00AC18D3 /* home.jpg */,
				B099E0EB1B22E31000524954 /* newSinger.jpg */,
				B099E0EC1B22E31000524954 /* newSound2.jpg */,
				B099E0E81B22CF8B00524954 /* newClickButton.jpg */,
				B0246B581B1F358F00C7A09A /* alternativeImg.jpg */,
				B0246B591B1F358F00C7A09A /* animeImg.jpg */,
				B0246B5A1B1F358F00C7A09A /* classicImg.jpg */,
				B0246B5B1B1F358F00C7A09A /* danceImg.jpg */,
				B0246B5C1B1F358F00C7A09A /* edmImg.jpg */,
				B0246B5D1B1F358F00C7A09A /* fitnessImg.jpg */,
				B0246B5E1B1F358F00C7A09A /* hipHopImg.jpg */,
				B0246B5F1B1F358F00C7A09A /* hitSongImg.jpg */,
				B0246B601B1F358F00C7A09A /* jazzImg.jpg */,
				B0246B611B1F358F00C7A09A /* jPopImg.jpg */,
				B0246B621B1F358F00C7A09A /* NewArtistImg.jpg */,
				B0246B631B1F358F00C7A09A /* popImg.jpg */,
				B0246B641B1F358F00C7A09A /* rbImg.jpg */,
				B0246B651B1F358F00C7A09A /* reggaeImg.jpg */,
				B0246B661B1F358F00C7A09A /* rockImg.jpg */,
				B0246B671B1F358F00C7A09A /* soundTrackImg.jpg */,
				B07CCC1D1B0F21F30052101A /* comentButtoun.png */,
				B07CCC1F1B0F21F30052101A /* PlaybackButton.jpg */,
			);
			path = "各種画像";
			sourceTree = "<group>";
		};
		B099E06B1B228C1200524954 /* icon */ = {
			isa = PBXGroup;
			children = (
				B099E06C1B228C1200524954 /* android */,
				B099E07A1B228C1300524954 /* ios */,
				B099E0911B228C1300524954 /* watchkit */,
			);
			path = icon;
			sourceTree = "<group>";
		};
		B099E06C1B228C1200524954 /* android */ = {
			isa = PBXGroup;
			children = (
				B099E06D1B228C1200524954 /* drawable-hdpi */,
				B099E06F1B228C1200524954 /* drawable-ldpi */,
				B099E0711B228C1300524954 /* drawable-mdpi */,
				B099E0731B228C1300524954 /* drawable-xhdpi */,
				B099E0751B228C1300524954 /* drawable-xxhdpi */,
				B099E0771B228C1300524954 /* drawable-xxxhdpi */,
				B099E0791B228C1300524954 /* playstore-icon.png */,
			);
			path = android;
			sourceTree = "<group>";
		};
		B099E06D1B228C1200524954 /* drawable-hdpi */ = {
			isa = PBXGroup;
			children = (
				B099E06E1B228C1200524954 /* ic_launcher.png */,
			);
			path = "drawable-hdpi";
			sourceTree = "<group>";
		};
		B099E06F1B228C1200524954 /* drawable-ldpi */ = {
			isa = PBXGroup;
			children = (
				B099E0701B228C1200524954 /* ic_launcher.png */,
			);
			path = "drawable-ldpi";
			sourceTree = "<group>";
		};
		B099E0711B228C1300524954 /* drawable-mdpi */ = {
			isa = PBXGroup;
			children = (
				B099E0721B228C1300524954 /* ic_launcher.png */,
			);
			path = "drawable-mdpi";
			sourceTree = "<group>";
		};
		B099E0731B228C1300524954 /* drawable-xhdpi */ = {
			isa = PBXGroup;
			children = (
				B099E0741B228C1300524954 /* ic_launcher.png */,
			);
			path = "drawable-xhdpi";
			sourceTree = "<group>";
		};
		B099E0751B228C1300524954 /* drawable-xxhdpi */ = {
			isa = PBXGroup;
			children = (
				B099E0761B228C1300524954 /* ic_launcher.png */,
			);
			path = "drawable-xxhdpi";
			sourceTree = "<group>";
		};
		B099E0771B228C1300524954 /* drawable-xxxhdpi */ = {
			isa = PBXGroup;
			children = (
				B099E0781B228C1300524954 /* ic_launcher.png */,
			);
			path = "drawable-xxxhdpi";
			sourceTree = "<group>";
		};
		B099E07A1B228C1300524954 /* ios */ = {
			isa = PBXGroup;
			children = (
				B099E07B1B228C1300524954 /* AppIcon.appiconset */,
				B099E0871B228C1300524954 /* Icon-60.png */,
				B099E0881B228C1300524954 /* Icon-72.png */,
				B099E0891B228C1300524954 /* Icon-72@2x.png */,
				B099E08A1B228C1300524954 /* Icon-Small-50.png */,
				B099E08B1B228C1300524954 /* Icon-Small-50@2x.png */,
				B099E08C1B228C1300524954 /* Icon.png */,
				B099E08D1B228C1300524954 /* Icon@2x.png */,
				B099E08E1B228C1300524954 /* iTunesArtwork.png */,
				B099E08F1B228C1300524954 /* iTunesArtwork@2x.png */,
				B099E0901B228C1300524954 /* README.md */,
			);
			path = ios;
			sourceTree = "<group>";
		};
		B099E07B1B228C1300524954 /* AppIcon.appiconset */ = {
			isa = PBXGroup;
			children = (
				B099E07C1B228C1300524954 /* Contents.json */,
				B099E07D1B228C1300524954 /* Icon-40.png */,
				B099E07E1B228C1300524954 /* Icon-40@2x.png */,
				B099E07F1B228C1300524954 /* Icon-40@3x.png */,
				B099E0801B228C1300524954 /* Icon-60@2x.png */,
				B099E0811B228C1300524954 /* Icon-60@3x.png */,
				B099E0821B228C1300524954 /* Icon-76.png */,
				B099E0831B228C1300524954 /* Icon-76@2x.png */,
				B099E0841B228C1300524954 /* Icon-Small.png */,
				B099E0851B228C1300524954 /* Icon-Small@2x.png */,
				B099E0861B228C1300524954 /* Icon-Small@3x.png */,
			);
			path = AppIcon.appiconset;
			sourceTree = "<group>";
		};
		B099E0911B228C1300524954 /* watchkit */ = {
			isa = PBXGroup;
			children = (
				B099E0921B228C1300524954 /* AppIcon.appiconset */,
			);
			path = watchkit;
			sourceTree = "<group>";
		};
		B099E0921B228C1300524954 /* AppIcon.appiconset */ = {
			isa = PBXGroup;
			children = (
				B099E0931B228C1300524954 /* Contents.json */,
				B099E0941B228C1300524954 /* Icon-24@2x.png */,
				B099E0951B228C1300524954 /* Icon-27.5@2x.png */,
				B099E0961B228C1300524954 /* Icon-29@2x.png */,
				B099E0971B228C1300524954 /* Icon-29@3x.png */,
				B099E0981B228C1300524954 /* Icon-40@2x.png */,
				B099E0991B228C1300524954 /* Icon-44@2x.png */,
				B099E09A1B228C1300524954 /* Icon-86@2x.png */,
				B099E09B1B228C1300524954 /* Icon-98@2x.png */,
			);
			path = AppIcon.appiconset;
			sourceTree = "<group>";
		};
		B09B2EAA1B05931700F28BA7 /* 世界国旗 */ = {
			isa = PBXGroup;
			children = (
				B09B2EAB1B05931700F28BA7 /* Argentina.gif */,
				B09B2EAC1B05931700F28BA7 /* Australia.gif */,
				B09B2EAD1B05931700F28BA7 /* Austria.gif */,
				B09B2EAE1B05931700F28BA7 /* Barbados.gif */,
				B09B2EAF1B05931700F28BA7 /* Belgium.gif */,
				B09B2EB01B05931700F28BA7 /* Belize.gif */,
				B09B2EB11B05931700F28BA7 /* Brazil.gif */,
				B09B2EB21B05931700F28BA7 /* Cameroon.gif */,
				B09B2EB31B05931700F28BA7 /* Canada.gif */,
				B09B2EB41B05931700F28BA7 /* CentralAfrica.gif */,
				B09B2EB51B05931700F28BA7 /* Chile.gif */,
				B09B2EB61B05931700F28BA7 /* China.gif */,
				B09B2EB71B05931700F28BA7 /* Colombia.gif */,
				B09B2EB81B05931700F28BA7 /* Cuba.gif */,
				B09B2EB91B05931700F28BA7 /* Czech.gif */,
				B09B2EBA1B05931700F28BA7 /* Denmark.gif */,
				B09B2EBB1B05931700F28BA7 /* Dominica.gif */,
				B09B2EBC1B05931700F28BA7 /* Fiji.gif */,
				B09B2EBD1B05931700F28BA7 /* Finland.gif */,
				B09B2EBE1B05931700F28BA7 /* France.gif */,
				B09B2EBF1B05931700F28BA7 /* Germany.gif */,
				B09B2EC01B05931700F28BA7 /* Ghana.gif */,
				B09B2EC11B05931700F28BA7 /* Greece.gif */,
				B09B2EC21B05931700F28BA7 /* Guinea.gif */,
				B09B2EC31B05931700F28BA7 /* Honduras.gif */,
				B09B2EC41B05931700F28BA7 /* Hungary.gif */,
				B09B2EC51B05931700F28BA7 /* Iceland.gif */,
				B09B2EC61B05931700F28BA7 /* Indonesia.gif */,
				B09B2EC71B05931700F28BA7 /* Ireland.gif */,
				B09B2EC81B05931700F28BA7 /* Italy.gif */,
				B09B2EC91B05931700F28BA7 /* Jamaica.gif */,
				B09B2ECA1B05931700F28BA7 /* Japan.gif */,
				B09B2ECB1B05931700F28BA7 /* Korea.gif */,
				B09B2ECC1B05931700F28BA7 /* Kuwait.gif */,
				B09B2ECD1B05931700F28BA7 /* Luxembourg.gif */,
				B09B2ECE1B05931700F28BA7 /* Mexico.gif */,
				B09B2ECF1B05931700F28BA7 /* Monaco.gif */,
				B09B2ED01B05931700F28BA7 /* Mongolia.gif */,
				B09B2ED11B05931700F28BA7 /* Netherlands.gif */,
				B09B2ED21B05931700F28BA7 /* NewZealand.gif */,
				B09B2ED31B05931700F28BA7 /* Norway.gif */,
				B09B2ED41B05931700F28BA7 /* Oman.gif */,
				B09B2ED51B05931700F28BA7 /* Panama.gif */,
				B09B2ED61B05931700F28BA7 /* Paraguay.gif */,
				B09B2ED71B05931700F28BA7 /* Peru.gif */,
				B09B2ED81B05931700F28BA7 /* Philippines.gif */,
				B09B2ED91B05931700F28BA7 /* Poland.gif */,
				B09B2EDA1B05931700F28BA7 /* Portugal.gif */,
				B09B2EDB1B05931700F28BA7 /* Qatar.gif */,
				B09B2EDC1B05931700F28BA7 /* Russia.gif */,
				B09B2EDD1B05931700F28BA7 /* Samoa.gif */,
				B09B2EDE1B05931700F28BA7 /* Serbia.gif */,
				B09B2EDF1B05931700F28BA7 /* Singapore.gif */,
				B09B2EE01B05931700F28BA7 /* Spain.gif */,
				B09B2EE11B05931700F28BA7 /* Sweden.gif */,
				B09B2EE21B05931700F28BA7 /* Switzerland.gif */,
				B09B2EE31B05931700F28BA7 /* Thailand.gif */,
				B09B2EE41B05931700F28BA7 /* Tonga.gif */,
				B09B2EE51B05931700F28BA7 /* Tunisiagif.gif */,
				B09B2EE61B05931700F28BA7 /* Turkey.gif */,
				B09B2EE71B05931700F28BA7 /* UnitedKingdom.gif */,
				B09B2EE81B05931700F28BA7 /* USA.gif */,
				B09B2EE91B05931700F28BA7 /* Venezuela.gif */,
				B09B2EEA1B05931700F28BA7 /* Vietnam.gif */,
			);
			path = "世界国旗";
			sourceTree = "<group>";
		};
		B0C283E71AF9B4F500C38707 = {
			isa = PBXGroup;
			children = (
				B0F0A5021B1854DA0012B8F0 /* MediaPlayer.framework */,
				B0C283F21AF9B4F500C38707 /* newMusic */,
				B0C2840C1AF9B4F500C38707 /* newMusicTests */,
				B0C283F11AF9B4F500C38707 /* Products */,
			);
			sourceTree = "<group>";
		};
		B0C283F11AF9B4F500C38707 /* Products */ = {
			isa = PBXGroup;
			children = (
				B0C283F01AF9B4F500C38707 /* newMusic.app */,
				B0C284091AF9B4F500C38707 /* newMusicTests.xctest */,
			);
			name = Products;
			sourceTree = "<group>";
		};
		B0C283F21AF9B4F500C38707 /* newMusic */ = {
			isa = PBXGroup;
			children = (
				B0C283F71AF9B4F500C38707 /* AppDelegate.h */,
				B0C283F81AF9B4F500C38707 /* AppDelegate.m */,
				B0C283FA1AF9B4F500C38707 /* ViewController.h */,
				B0C283FB1AF9B4F500C38707 /* ViewController.m */,
				B099E03D1B2194C700524954 /* alertCanselViewController.h */,
				B099E03E1B2194C700524954 /* alertCanselViewController.m */,
				B0C284221AF9B7B000C38707 /* userSignUpViewController.h */,
				B0C284231AF9B7B000C38707 /* userSignUpViewController.m */,
				B0C2841E1AF9B7B000C38707 /* mainViewController.h */,
				B0C2841F1AF9B7B000C38707 /* mainViewController.m */,
				B02377251B203E1A00FAEE7B /* sampleImageViewController.h */,
				B02377261B203E1A00FAEE7B /* sampleImageViewController.m */,
				B014F4AD1B1D965100B4D920 /* playBackViewController.h */,
				B014F4AE1B1D965200B4D920 /* playBackViewController.m */,
				B041C7E91B01EEE500DAF891 /* searchViewController.h */,
				B041C7EA1B01EEE500DAF891 /* searchViewController.m */,
				B0246B141B1EA84900C7A09A /* searchGenreViewController.h */,
				B0246B151B1EA84900C7A09A /* searchGenreViewController.m */,
				B0956D4A1B1C2FC000C08E88 /* searchArtistViewController.h */,
				B0956D4B1B1C2FC000C08E88 /* searchArtistViewController.m */,
				B0956D421B1BF40200C08E88 /* soundViewController.h */,
				B0956D431B1BF40200C08E88 /* soundViewController.m */,
				B019469A1B23F6B000563F97 /* Main.storyboard */,
				B0592FFE1BBF51C600459CB1 /* top素材 */,
				B0592FEB1BBF51A100459CB1 /* home素材 */,
				B0C284001AF9B4F500C38707 /* Images.xcassets */,
				B0C284021AF9B4F500C38707 /* LaunchScreen.xib */,
				B0C283F31AF9B4F500C38707 /* Supporting Files */,
				B07CCC0A1B0D72480052101A /* mainTableView.xib */,
				B07CCC171B0DBFC40052101A /* newMainTableViewCell.h */,
				B07CCC181B0DBFC40052101A /* newMainTableViewCell.m */,
			);
			path = newMusic;
			sourceTree = "<group>";
		};
		B0C283F31AF9B4F500C38707 /* Supporting Files */ = {
			isa = PBXGroup;
			children = (
				B0CCDCCC1B293C74008001AA /* MyEditor.mp4 */,
				B099E06B1B228C1200524954 /* icon */,
				B07CCC1A1B0F21F20052101A /* 各種画像 */,
				B09B2EAA1B05931700F28BA7 /* 世界国旗 */,
				B0C283F41AF9B4F500C38707 /* Info.plist */,
				B0C283F51AF9B4F500C38707 /* main.m */,
			);
			name = "Supporting Files";
			sourceTree = "<group>";
		};
		B0C2840C1AF9B4F500C38707 /* newMusicTests */ = {
			isa = PBXGroup;
			children = (
				B0C2840F1AF9B4F500C38707 /* newMusicTests.m */,
				B0C2840D1AF9B4F500C38707 /* Supporting Files */,
			);
			path = newMusicTests;
			sourceTree = "<group>";
		};
		B0C2840D1AF9B4F500C38707 /* Supporting Files */ = {
			isa = PBXGroup;
			children = (
				B0C2840E1AF9B4F500C38707 /* Info.plist */,
			);
			name = "Supporting Files";
			sourceTree = "<group>";
		};
/* End PBXGroup section */

/* Begin PBXNativeTarget section */
		B0C283EF1AF9B4F500C38707 /* newMusic */ = {
			isa = PBXNativeTarget;
			buildConfigurationList = B0C284131AF9B4F500C38707 /* Build configuration list for PBXNativeTarget "newMusic" */;
			buildPhases = (
				B0C283EC1AF9B4F500C38707 /* Sources */,
				B0C283ED1AF9B4F500C38707 /* Frameworks */,
				B0C283EE1AF9B4F500C38707 /* Resources */,
			);
			buildRules = (
			);
			dependencies = (
			);
			name = newMusic;
			productName = newMusic;
			productReference = B0C283F01AF9B4F500C38707 /* newMusic.app */;
			productType = "com.apple.product-type.application";
		};
		B0C284081AF9B4F500C38707 /* newMusicTests */ = {
			isa = PBXNativeTarget;
			buildConfigurationList = B0C284161AF9B4F500C38707 /* Build configuration list for PBXNativeTarget "newMusicTests" */;
			buildPhases = (
				B0C284051AF9B4F500C38707 /* Sources */,
				B0C284061AF9B4F500C38707 /* Frameworks */,
				B0C284071AF9B4F500C38707 /* Resources */,
			);
			buildRules = (
			);
			dependencies = (
				B0C2840B1AF9B4F500C38707 /* PBXTargetDependency */,
			);
			name = newMusicTests;
			productName = newMusicTests;
			productReference = B0C284091AF9B4F500C38707 /* newMusicTests.xctest */;
			productType = "com.apple.product-type.bundle.unit-test";
		};
/* End PBXNativeTarget section */

/* Begin PBXProject section */
		B0C283E81AF9B4F500C38707 /* Project object */ = {
			isa = PBXProject;
			attributes = {
				LastUpgradeCheck = 0700;
				ORGANIZATIONNAME = "渡邉　剛志";
				TargetAttributes = {
					B0C283EF1AF9B4F500C38707 = {
						CreatedOnToolsVersion = 6.3;
					};
					B0C284081AF9B4F500C38707 = {
						CreatedOnToolsVersion = 6.3;
						TestTargetID = B0C283EF1AF9B4F500C38707;
					};
				};
			};
			buildConfigurationList = B0C283EB1AF9B4F500C38707 /* Build configuration list for PBXProject "newMusic" */;
			compatibilityVersion = "Xcode 3.2";
			developmentRegion = English;
			hasScannedForEncodings = 0;
			knownRegions = (
				en,
				Base,
			);
			mainGroup = B0C283E71AF9B4F500C38707;
			productRefGroup = B0C283F11AF9B4F500C38707 /* Products */;
			projectDirPath = "";
			projectRoot = "";
			targets = (
				B0C283EF1AF9B4F500C38707 /* newMusic */,
				B0C284081AF9B4F500C38707 /* newMusicTests */,
			);
		};
/* End PBXProject section */

/* Begin PBXResourcesBuildPhase section */
		B0C283EE1AF9B4F500C38707 /* Resources */ = {
			isa = PBXResourcesBuildPhase;
			buildActionMask = 2147483647;
			files = (
				B0246B701B1F358F00C7A09A /* jazzImg.jpg in Resources */,
				B099E0C41B228C1300524954 /* Icon@2x.png in Resources */,
				B09B2F191B05931700F28BA7 /* Panama.gif in Resources */,
				B02846611B3AA5E400DF2FA0 /* newSinger4.jpg in Resources */,
				B09B2EF11B05931700F28BA7 /* Austria.gif in Resources */,
				B09B2EEF1B05931700F28BA7 /* Argentina.gif in Resources */,
				B01737281B24B3A600AC18D3 /* newGood.jpg in Resources */,
				B09B2F0B1B05931700F28BA7 /* Ireland.gif in Resources */,
				B09B2EF61B05931700F28BA7 /* Cameroon.gif in Resources */,
				B0246B6B1B1F358F00C7A09A /* danceImg.jpg in Resources */,
				B019469B1B23F6B000563F97 /* Main.storyboard in Resources */,
				B09B2F101B05931700F28BA7 /* Kuwait.gif in Resources */,
				B09B2EF51B05931700F28BA7 /* Brazil.gif in Resources */,
				B0246B6C1B1F358F00C7A09A /* edmImg.jpg in Resources */,
				B09B2F141B05931700F28BA7 /* Mongolia.gif in Resources */,
				B0246B721B1F358F00C7A09A /* NewArtistImg.jpg in Resources */,
				B05930051BBF51C600459CB1 /* logo.png in Resources */,
				B09B2F281B05931700F28BA7 /* Tonga.gif in Resources */,
				B09B2F081B05931700F28BA7 /* Hungary.gif in Resources */,
				B099E0B71B228C1300524954 /* Icon-60@2x.png in Resources */,
				B099E0B21B228C1300524954 /* playstore-icon.png in Resources */,
				B099E0D01B228C1300524954 /* Icon-98@2x.png in Resources */,
				B0592FF81BBF51A100459CB1 /* btn_search.png in Resources */,
				B0246B711B1F358F00C7A09A /* jPopImg.jpg in Resources */,
				B09B2EFF1B05931700F28BA7 /* Dominica.gif in Resources */,
				B09B2F261B05931700F28BA7 /* Switzerland.gif in Resources */,
				B0246B751B1F358F00C7A09A /* reggaeImg.jpg in Resources */,
				B09B2F111B05931700F28BA7 /* Luxembourg.gif in Resources */,
				B09B2F171B05931700F28BA7 /* Norway.gif in Resources */,
				B09B2EF71B05931700F28BA7 /* Canada.gif in Resources */,
				B0246B681B1F358F00C7A09A /* alternativeImg.jpg in Resources */,
				B09B2F021B05931700F28BA7 /* France.gif in Resources */,
				B099E0AE1B228C1300524954 /* ic_launcher.png in Resources */,
				B0592FFA1BBF51A100459CB1 /* btn_star.png in Resources */,
				B09B2F1B1B05931700F28BA7 /* Peru.gif in Resources */,
				B05930031BBF51C600459CB1 /* btn_grey.png in Resources */,
				B099E0CE1B228C1300524954 /* Icon-44@2x.png in Resources */,
				B09B2EFE1B05931700F28BA7 /* Denmark.gif in Resources */,
				B01737241B24AFFE00AC18D3 /* home.jpg in Resources */,
				B099E0BE1B228C1300524954 /* Icon-60.png in Resources */,
				B09B2F071B05931700F28BA7 /* Honduras.gif in Resources */,
				B0592FFB1BBF51A100459CB1 /* icon01.png in Resources */,
				B099E0C21B228C1300524954 /* Icon-Small-50@2x.png in Resources */,
				B099E0E91B22CF8B00524954 /* newClickButton.jpg in Resources */,
				B09B2F0D1B05931700F28BA7 /* Jamaica.gif in Resources */,
				B099E0EF1B22E31000524954 /* newSound2.jpg in Resources */,
				B099E0C81B228C1300524954 /* Contents.json in Resources */,
				B099E0BA1B228C1300524954 /* Icon-76@2x.png in Resources */,
				B09B2F251B05931700F28BA7 /* Sweden.gif in Resources */,
				B099E0AF1B228C1300524954 /* ic_launcher.png in Resources */,
				B09B2F1D1B05931700F28BA7 /* Poland.gif in Resources */,
				B09B2EF31B05931700F28BA7 /* Belgium.gif in Resources */,
				B0246B771B1F358F00C7A09A /* soundTrackImg.jpg in Resources */,
				B099E0C91B228C1300524954 /* Icon-24@2x.png in Resources */,
				B099E0BC1B228C1300524954 /* Icon-Small@2x.png in Resources */,
				B0CCDCCE1B293C74008001AA /* MyEditor.mp4 in Resources */,
				B099E0AC1B228C1300524954 /* ic_launcher.png in Resources */,
				B099E0EE1B22E31000524954 /* newSinger.jpg in Resources */,
				B0592FF91BBF51A100459CB1 /* btn_speaker.png in Resources */,
				B09B2F1E1B05931700F28BA7 /* Portugal.gif in Resources */,
				B0246B6E1B1F358F00C7A09A /* hipHopImg.jpg in Resources */,
				B09B2F131B05931700F28BA7 /* Monaco.gif in Resources */,
				B099E0BB1B228C1300524954 /* Icon-Small.png in Resources */,
				B09B2EFD1B05931700F28BA7 /* Czech.gif in Resources */,
				B0592FF51BBF51A100459CB1 /* btn_genre.png in Resources */,
				B099E0C01B228C1300524954 /* Icon-72@2x.png in Resources */,
				B09B2F181B05931700F28BA7 /* Oman.gif in Resources */,
				B099E0B01B228C1300524954 /* ic_launcher.png in Resources */,
				B09B2F201B05931700F28BA7 /* Russia.gif in Resources */,
				B05930041BBF51C600459CB1 /* btn_white.png in Resources */,
				B09B2F1F1B05931700F28BA7 /* Qatar.gif in Resources */,
				B099E0B41B228C1300524954 /* Icon-40.png in Resources */,
				B09B2F041B05931700F28BA7 /* Ghana.gif in Resources */,
				B099E0C31B228C1300524954 /* Icon.png in Resources */,
				B09B2F0C1B05931700F28BA7 /* Italy.gif in Resources */,
				B09B2F2A1B05931800F28BA7 /* Turkey.gif in Resources */,
				B0592FFD1BBF51A100459CB1 /* icon03.png in Resources */,
				B099E0C11B228C1300524954 /* Icon-Small-50.png in Resources */,
				B05930061BBF51C600459CB1 /* scanning-line.png in Resources */,
				B05930081BBF51E700459CB1 /* background.png in Resources */,
				B099E0B51B228C1300524954 /* Icon-40@2x.png in Resources */,
				B099E0B91B228C1300524954 /* Icon-76.png in Resources */,
				B09B2EF81B05931700F28BA7 /* CentralAfrica.gif in Resources */,
				B09B2F1A1B05931700F28BA7 /* Paraguay.gif in Resources */,
				B09B2F001B05931700F28BA7 /* Fiji.gif in Resources */,
				B099E0BF1B228C1300524954 /* Icon-72.png in Resources */,
				B0246B6D1B1F358F00C7A09A /* fitnessImg.jpg in Resources */,
				B0ED2B3A1B28A29B00F325C7 /* no_image.gif in Resources */,
				B0592FF71BBF51A100459CB1 /* btn_profile.png in Resources */,
				B099E0B61B228C1300524954 /* Icon-40@3x.png in Resources */,
				B0246B6F1B1F358F00C7A09A /* hitSongImg.jpg in Resources */,
				B02846631B3AB3C300DF2FA0 /* スクリーンショット 2015-06-24 2.44.21.png in Resources */,
				B099E0B31B228C1300524954 /* Contents.json in Resources */,
				B099E0CA1B228C1300524954 /* Icon-27.5@2x.png in Resources */,
				B099E0CD1B228C1300524954 /* Icon-40@2x.png in Resources */,
				B09B2F0E1B05931700F28BA7 /* Japan.gif in Resources */,
				B099E0C61B228C1300524954 /* iTunesArtwork@2x.png in Resources */,
				B09B2F151B05931700F28BA7 /* Netherlands.gif in Resources */,
				B09B2EF41B05931700F28BA7 /* Belize.gif in Resources */,
				B09B2F291B05931700F28BA7 /* Tunisiagif.gif in Resources */,
				B07CCC251B0F21F30052101A /* PlaybackButton.jpg in Resources */,
				B09B2F221B05931700F28BA7 /* Serbia.gif in Resources */,
				B09B2F2C1B05931800F28BA7 /* USA.gif in Resources */,
				B0592FFC1BBF51A100459CB1 /* icon02.png in Resources */,
				B07CCC0B1B0D72480052101A /* mainTableView.xib in Resources */,
				B09B2EF01B05931700F28BA7 /* Australia.gif in Resources */,
				B09B2EF91B05931700F28BA7 /* Chile.gif in Resources */,
				B09B2F011B05931700F28BA7 /* Finland.gif in Resources */,
				B09B2F271B05931700F28BA7 /* Thailand.gif in Resources */,
				B07CCC231B0F21F30052101A /* comentButtoun.png in Resources */,
				B09B2F211B05931700F28BA7 /* Samoa.gif in Resources */,
				B09B2F0F1B05931700F28BA7 /* Korea.gif in Resources */,
				B09B2EFC1B05931700F28BA7 /* Cuba.gif in Resources */,
				B09B2F2B1B05931800F28BA7 /* UnitedKingdom.gif in Resources */,
				B0592FF61BBF51A100459CB1 /* btn_home.png in Resources */,
				B09B2EFB1B05931700F28BA7 /* Colombia.gif in Resources */,
				B09B2F091B05931700F28BA7 /* Iceland.gif in Resources */,
				B0246B741B1F358F00C7A09A /* rbImg.jpg in Resources */,
				B099E0B81B228C1300524954 /* Icon-60@3x.png in Resources */,
				B099E0B11B228C1300524954 /* ic_launcher.png in Resources */,
				B09B2F161B05931700F28BA7 /* NewZealand.gif in Resources */,
				B01737261B24B01400AC18D3 /* serch.jpg in Resources */,
				B099E0BD1B228C1300524954 /* Icon-Small@3x.png in Resources */,
				B0246B691B1F358F00C7A09A /* animeImg.jpg in Resources */,
				B09B2F1C1B05931700F28BA7 /* Philippines.gif in Resources */,
				B09B2F051B05931700F28BA7 /* Greece.gif in Resources */,
				B0246B761B1F358F00C7A09A /* rockImg.jpg in Resources */,
				B0C284041AF9B4F500C38707 /* LaunchScreen.xib in Resources */,
				B099E0CC1B228C1300524954 /* Icon-29@3x.png in Resources */,
				B09B2F241B05931700F28BA7 /* Spain.gif in Resources */,
				B099E0AD1B228C1300524954 /* ic_launcher.png in Resources */,
				B09B2F0A1B05931700F28BA7 /* Indonesia.gif in Resources */,
				B0246B6A1B1F358F00C7A09A /* classicImg.jpg in Resources */,
				B09B2F121B05931700F28BA7 /* Mexico.gif in Resources */,
				B09B2F2D1B05931800F28BA7 /* Venezuela.gif in Resources */,
				B09B2EF21B05931700F28BA7 /* Barbados.gif in Resources */,
				B099E0CB1B228C1300524954 /* Icon-29@2x.png in Resources */,
				B09B2F2E1B05931800F28BA7 /* Vietnam.gif in Resources */,
				B099E0CF1B228C1300524954 /* Icon-86@2x.png in Resources */,
				B09B2F031B05931700F28BA7 /* Germany.gif in Resources */,
				B0C284011AF9B4F500C38707 /* Images.xcassets in Resources */,
				B099E0C51B228C1300524954 /* iTunesArtwork.png in Resources */,
				B09B2EFA1B05931700F28BA7 /* China.gif in Resources */,
				B09B2F061B05931700F28BA7 /* Guinea.gif in Resources */,
				B09B2F231B05931700F28BA7 /* Singapore.gif in Resources */,
				B0428C8F1B275E75000DC9F1 /* newSound.jpg in Resources */,
				B0246B731B1F358F00C7A09A /* popImg.jpg in Resources */,
			);
			runOnlyForDeploymentPostprocessing = 0;
		};
		B0C284071AF9B4F500C38707 /* Resources */ = {
			isa = PBXResourcesBuildPhase;
			buildActionMask = 2147483647;
			files = (
			);
			runOnlyForDeploymentPostprocessing = 0;
		};
/* End PBXResourcesBuildPhase section */

/* Begin PBXSourcesBuildPhase section */
		B0C283EC1AF9B4F500C38707 /* Sources */ = {
			isa = PBXSourcesBuildPhase;
			buildActionMask = 2147483647;
			files = (
				B0C283FC1AF9B4F500C38707 /* ViewController.m in Sources */,
				B0956D441B1BF40200C08E88 /* soundViewController.m in Sources */,
				B099E03F1B2194C700524954 /* alertCanselViewController.m in Sources */,
				B02377271B203E1A00FAEE7B /* sampleImageViewController.m in Sources */,
				B014F4AF1B1D965200B4D920 /* playBackViewController.m in Sources */,
				B0C2842A1AF9B7B000C38707 /* userSignUpViewController.m in Sources */,
				B0C283F91AF9B4F500C38707 /* AppDelegate.m in Sources */,
				B07CCC191B0DBFC40052101A /* newMainTableViewCell.m in Sources */,
				B0C283F61AF9B4F500C38707 /* main.m in Sources */,
				B0956D4C1B1C2FC000C08E88 /* searchArtistViewController.m in Sources */,
				B099E0C71B228C1300524954 /* README.md in Sources */,
				B0246B161B1EA84900C7A09A /* searchGenreViewController.m in Sources */,
				B0C284281AF9B7B000C38707 /* mainViewController.m in Sources */,
				B041C7EB1B01EEE500DAF891 /* searchViewController.m in Sources */,
			);
			runOnlyForDeploymentPostprocessing = 0;
		};
		B0C284051AF9B4F500C38707 /* Sources */ = {
			isa = PBXSourcesBuildPhase;
			buildActionMask = 2147483647;
			files = (
				B0C284101AF9B4F500C38707 /* newMusicTests.m in Sources */,
			);
			runOnlyForDeploymentPostprocessing = 0;
		};
/* End PBXSourcesBuildPhase section */

/* Begin PBXTargetDependency section */
		B0C2840B1AF9B4F500C38707 /* PBXTargetDependency */ = {
			isa = PBXTargetDependency;
			target = B0C283EF1AF9B4F500C38707 /* newMusic */;
			targetProxy = B0C2840A1AF9B4F500C38707 /* PBXContainerItemProxy */;
		};
/* End PBXTargetDependency section */

/* Begin PBXVariantGroup section */
		B0C284021AF9B4F500C38707 /* LaunchScreen.xib */ = {
			isa = PBXVariantGroup;
			children = (
				B0C284031AF9B4F500C38707 /* Base */,
			);
			name = LaunchScreen.xib;
			sourceTree = "<group>";
		};
		B0CCDCCC1B293C74008001AA /* MyEditor.mp4 */ = {
			isa = PBXVariantGroup;
			children = (
				B0CCDCCD1B293C74008001AA /* Base */,
			);
			name = MyEditor.mp4;
			sourceTree = "<group>";
		};
/* End PBXVariantGroup section */

/* Begin XCBuildConfiguration section */
		B0C284111AF9B4F500C38707 /* Debug */ = {
			isa = XCBuildConfiguration;
			buildSettings = {
				ALWAYS_SEARCH_USER_PATHS = NO;
				CLANG_CXX_LANGUAGE_STANDARD = "gnu++0x";
				CLANG_CXX_LIBRARY = "libc++";
				CLANG_ENABLE_MODULES = YES;
				CLANG_ENABLE_OBJC_ARC = YES;
				CLANG_WARN_BOOL_CONVERSION = YES;
				CLANG_WARN_CONSTANT_CONVERSION = YES;
				CLANG_WARN_DIRECT_OBJC_ISA_USAGE = YES_ERROR;
				CLANG_WARN_EMPTY_BODY = YES;
				CLANG_WARN_ENUM_CONVERSION = YES;
				CLANG_WARN_INT_CONVERSION = YES;
				CLANG_WARN_OBJC_ROOT_CLASS = YES_ERROR;
				CLANG_WARN_UNREACHABLE_CODE = YES;
				CLANG_WARN__DUPLICATE_METHOD_MATCH = YES;
				"CODE_SIGN_IDENTITY[sdk=iphoneos*]" = "iPhone Developer";
				COPY_PHASE_STRIP = NO;
				DEBUG_INFORMATION_FORMAT = "dwarf-with-dsym";
				ENABLE_STRICT_OBJC_MSGSEND = YES;
				ENABLE_TESTABILITY = YES;
				GCC_C_LANGUAGE_STANDARD = gnu99;
				GCC_DYNAMIC_NO_PIC = NO;
				GCC_NO_COMMON_BLOCKS = YES;
				GCC_OPTIMIZATION_LEVEL = 0;
				GCC_PREPROCESSOR_DEFINITIONS = (
					"DEBUG=1",
					"$(inherited)",
				);
				GCC_SYMBOLS_PRIVATE_EXTERN = NO;
				GCC_WARN_64_TO_32_BIT_CONVERSION = YES;
				GCC_WARN_ABOUT_RETURN_TYPE = YES_ERROR;
				GCC_WARN_UNDECLARED_SELECTOR = YES;
				GCC_WARN_UNINITIALIZED_AUTOS = YES_AGGRESSIVE;
				GCC_WARN_UNUSED_FUNCTION = YES;
				GCC_WARN_UNUSED_VARIABLE = YES;
				IPHONEOS_DEPLOYMENT_TARGET = 8.3;
				MTL_ENABLE_DEBUG_INFO = YES;
				ONLY_ACTIVE_ARCH = YES;
				SDKROOT = iphoneos;
			};
			name = Debug;
		};
		B0C284121AF9B4F500C38707 /* Release */ = {
			isa = XCBuildConfiguration;
			buildSettings = {
				ALWAYS_SEARCH_USER_PATHS = NO;
				CLANG_CXX_LANGUAGE_STANDARD = "gnu++0x";
				CLANG_CXX_LIBRARY = "libc++";
				CLANG_ENABLE_MODULES = YES;
				CLANG_ENABLE_OBJC_ARC = YES;
				CLANG_WARN_BOOL_CONVERSION = YES;
				CLANG_WARN_CONSTANT_CONVERSION = YES;
				CLANG_WARN_DIRECT_OBJC_ISA_USAGE = YES_ERROR;
				CLANG_WARN_EMPTY_BODY = YES;
				CLANG_WARN_ENUM_CONVERSION = YES;
				CLANG_WARN_INT_CONVERSION = YES;
				CLANG_WARN_OBJC_ROOT_CLASS = YES_ERROR;
				CLANG_WARN_UNREACHABLE_CODE = YES;
				CLANG_WARN__DUPLICATE_METHOD_MATCH = YES;
				"CODE_SIGN_IDENTITY[sdk=iphoneos*]" = "iPhone Developer";
				COPY_PHASE_STRIP = NO;
				DEBUG_INFORMATION_FORMAT = "dwarf-with-dsym";
				ENABLE_NS_ASSERTIONS = NO;
				ENABLE_STRICT_OBJC_MSGSEND = YES;
				GCC_C_LANGUAGE_STANDARD = gnu99;
				GCC_NO_COMMON_BLOCKS = YES;
				GCC_WARN_64_TO_32_BIT_CONVERSION = YES;
				GCC_WARN_ABOUT_RETURN_TYPE = YES_ERROR;
				GCC_WARN_UNDECLARED_SELECTOR = YES;
				GCC_WARN_UNINITIALIZED_AUTOS = YES_AGGRESSIVE;
				GCC_WARN_UNUSED_FUNCTION = YES;
				GCC_WARN_UNUSED_VARIABLE = YES;
				IPHONEOS_DEPLOYMENT_TARGET = 8.3;
				MTL_ENABLE_DEBUG_INFO = NO;
				SDKROOT = iphoneos;
				VALIDATE_PRODUCT = YES;
			};
			name = Release;
		};
		B0C284141AF9B4F500C38707 /* Debug */ = {
			isa = XCBuildConfiguration;
			buildSettings = {
				ASSETCATALOG_COMPILER_APPICON_NAME = AppIcon;
				INFOPLIST_FILE = newMusic/Info.plist;
				IPHONEOS_DEPLOYMENT_TARGET = 8.3;
				LD_RUNPATH_SEARCH_PATHS = "$(inherited) @executable_path/Frameworks";
				PRODUCT_BUNDLE_IDENTIFIER = "com.takeshiwatanabe.$(PRODUCT_NAME:rfc1034identifier)";
				PRODUCT_NAME = "$(TARGET_NAME)";
				TARGETED_DEVICE_FAMILY = 1;
			};
			name = Debug;
		};
		B0C284151AF9B4F500C38707 /* Release */ = {
			isa = XCBuildConfiguration;
			buildSettings = {
				ASSETCATALOG_COMPILER_APPICON_NAME = AppIcon;
				INFOPLIST_FILE = newMusic/Info.plist;
				IPHONEOS_DEPLOYMENT_TARGET = 8.3;
				LD_RUNPATH_SEARCH_PATHS = "$(inherited) @executable_path/Frameworks";
				PRODUCT_BUNDLE_IDENTIFIER = "com.takeshiwatanabe.$(PRODUCT_NAME:rfc1034identifier)";
				PRODUCT_NAME = "$(TARGET_NAME)";
				TARGETED_DEVICE_FAMILY = 1;
			};
			name = Release;
		};
		B0C284171AF9B4F500C38707 /* Debug */ = {
			isa = XCBuildConfiguration;
			buildSettings = {
				BUNDLE_LOADER = "$(TEST_HOST)";
				FRAMEWORK_SEARCH_PATHS = (
					"$(SDKROOT)/Developer/Library/Frameworks",
					"$(inherited)",
				);
				GCC_PREPROCESSOR_DEFINITIONS = (
					"DEBUG=1",
					"$(inherited)",
				);
				INFOPLIST_FILE = newMusicTests/Info.plist;
				LD_RUNPATH_SEARCH_PATHS = "$(inherited) @executable_path/Frameworks @loader_path/Frameworks";
				PRODUCT_BUNDLE_IDENTIFIER = "com.takeshiwatanabe.$(PRODUCT_NAME:rfc1034identifier)";
				PRODUCT_NAME = "$(TARGET_NAME)";
				TEST_HOST = "$(BUILT_PRODUCTS_DIR)/newMusic.app/newMusic";
			};
			name = Debug;
		};
		B0C284181AF9B4F500C38707 /* Release */ = {
			isa = XCBuildConfiguration;
			buildSettings = {
				BUNDLE_LOADER = "$(TEST_HOST)";
				FRAMEWORK_SEARCH_PATHS = (
					"$(SDKROOT)/Developer/Library/Frameworks",
					"$(inherited)",
				);
				INFOPLIST_FILE = newMusicTests/Info.plist;
				LD_RUNPATH_SEARCH_PATHS = "$(inherited) @executable_path/Frameworks @loader_path/Frameworks";
				PRODUCT_BUNDLE_IDENTIFIER = "com.takeshiwatanabe.$(PRODUCT_NAME:rfc1034identifier)";
				PRODUCT_NAME = "$(TARGET_NAME)";
				TEST_HOST = "$(BUILT_PRODUCTS_DIR)/newMusic.app/newMusic";
			};
			name = Release;
		};
/* End XCBuildConfiguration section */

/* Begin XCConfigurationList section */
		B0C283EB1AF9B4F500C38707 /* Build configuration list for PBXProject "newMusic" */ = {
			isa = XCConfigurationList;
			buildConfigurations = (
				B0C284111AF9B4F500C38707 /* Debug */,
				B0C284121AF9B4F500C38707 /* Release */,
			);
			defaultConfigurationIsVisible = 0;
			defaultConfigurationName = Release;
		};
		B0C284131AF9B4F500C38707 /* Build configuration list for PBXNativeTarget "newMusic" */ = {
			isa = XCConfigurationList;
			buildConfigurations = (
				B0C284141AF9B4F500C38707 /* Debug */,
				B0C284151AF9B4F500C38707 /* Release */,
			);
			defaultConfigurationIsVisible = 0;
			defaultConfigurationName = Release;
		};
		B0C284161AF9B4F500C38707 /* Build configuration list for PBXNativeTarget "newMusicTests" */ = {
			isa = XCConfigurationList;
			buildConfigurations = (
				B0C284171AF9B4F500C38707 /* Debug */,
				B0C284181AF9B4F500C38707 /* Release */,
			);
			defaultConfigurationIsVisible = 0;
			defaultConfigurationName = Release;
		};
/* End XCConfigurationList section */
	};
	rootObject = B0C283E81AF9B4F500C38707 /* Project object */;
}
